// !$*UTF8*$!
{
	archiveVersion = 1;
	classes = {
	};
	objectVersion = 56;
	objects = {

/* Begin PBXBuildFile section */
		48181E352C0CBCFF0067D5CB /* ColorInfo.swift in Sources */ = {isa = PBXBuildFile; fileRef = 48181E342C0CBCFF0067D5CB /* ColorInfo.swift */; };
		48181E372C0CD9940067D5CB /* PlaceholderStyle.swift in Sources */ = {isa = PBXBuildFile; fileRef = 48181E362C0CD9940067D5CB /* PlaceholderStyle.swift */; };
		481B4EC72C11B801003D1DEB /* ProviderType.swift in Sources */ = {isa = PBXBuildFile; fileRef = 481B4EC62C11B801003D1DEB /* ProviderType.swift */; };
		481B4ECE2C13617C003D1DEB /* Toast.swift in Sources */ = {isa = PBXBuildFile; fileRef = 481B4ECD2C13617C003D1DEB /* Toast.swift */; };
		4823935B2C09AD9F00E7DB24 /* UserListsView.swift in Sources */ = {isa = PBXBuildFile; fileRef = 4823935A2C09AD9F00E7DB24 /* UserListsView.swift */; };
		4823935D2C09AE3A00E7DB24 /* UserList.swift in Sources */ = {isa = PBXBuildFile; fileRef = 4823935C2C09AE3A00E7DB24 /* UserList.swift */; };
		4823935F2C09B67800E7DB24 /* UserListsCellView.swift in Sources */ = {isa = PBXBuildFile; fileRef = 4823935E2C09B67800E7DB24 /* UserListsCellView.swift */; };
		48289DE32BF5084B00C7F68B /* MainHomeView.swift in Sources */ = {isa = PBXBuildFile; fileRef = 48289DE22BF5084B00C7F68B /* MainHomeView.swift */; };
		482FBAF12C08C1AC005DA9F4 /* NetworkMonitor.swift in Sources */ = {isa = PBXBuildFile; fileRef = 482FBAF02C08C1AC005DA9F4 /* NetworkMonitor.swift */; };
		483C09A12C19BAED00258E71 /* ImageCache.swift in Sources */ = {isa = PBXBuildFile; fileRef = 483C09A02C19BAED00258E71 /* ImageCache.swift */; };
		483C09A32C19EFBE00258E71 /* ImageLoader.swift in Sources */ = {isa = PBXBuildFile; fileRef = 483C09A22C19EFBE00258E71 /* ImageLoader.swift */; };
		483DDF9B2BFBB1A9007677A1 /* ReviewDetailView.swift in Sources */ = {isa = PBXBuildFile; fileRef = 483DDF9A2BFBB1A9007677A1 /* ReviewDetailView.swift */; };
		483DDF9D2BFBB1BA007677A1 /* ReviewDetail+ViewModel.swift in Sources */ = {isa = PBXBuildFile; fileRef = 483DDF9C2BFBB1BA007677A1 /* ReviewDetail+ViewModel.swift */; };
		483DDFA42BFE47B4007677A1 /* FiltersView.swift in Sources */ = {isa = PBXBuildFile; fileRef = 483DDFA32BFE47B4007677A1 /* FiltersView.swift */; };
		4846E8662BF7968300D7ADAB /* MediaCrewCellView.swift in Sources */ = {isa = PBXBuildFile; fileRef = 4846E8652BF7968300D7ADAB /* MediaCrewCellView.swift */; };
		4846E8692BF7986100D7ADAB /* MediaCrewView.swift in Sources */ = {isa = PBXBuildFile; fileRef = 4846E8682BF7986100D7ADAB /* MediaCrewView.swift */; };
		4846E86B2BF7A31000D7ADAB /* MediaContextMenu.swift in Sources */ = {isa = PBXBuildFile; fileRef = 4846E86A2BF7A31000D7ADAB /* MediaContextMenu.swift */; };
		4846E86D2BF8C0B700D7ADAB /* Season.swift in Sources */ = {isa = PBXBuildFile; fileRef = 4846E86C2BF8C0B700D7ADAB /* Season.swift */; };
		4846E8702BF8C11F00D7ADAB /* SeasonsCarouselView.swift in Sources */ = {isa = PBXBuildFile; fileRef = 4846E86F2BF8C11F00D7ADAB /* SeasonsCarouselView.swift */; };
		4846E8722BF8C12B00D7ADAB /* SeasonCellView.swift in Sources */ = {isa = PBXBuildFile; fileRef = 4846E8712BF8C12B00D7ADAB /* SeasonCellView.swift */; };
		4846E8742BF8C49700D7ADAB /* GenericCrew.swift in Sources */ = {isa = PBXBuildFile; fileRef = 4846E8732BF8C49700D7ADAB /* GenericCrew.swift */; };
		4846E8762BF8CC8E00D7ADAB /* ImageData.swift in Sources */ = {isa = PBXBuildFile; fileRef = 4846E8752BF8CC8E00D7ADAB /* ImageData.swift */; };
		4846E8782BF8F14C00D7ADAB /* TabViewHeader.swift in Sources */ = {isa = PBXBuildFile; fileRef = 4846E8772BF8F14C00D7ADAB /* TabViewHeader.swift */; };
		4846E87C2BF8F31200D7ADAB /* SavedMediaGridView.swift in Sources */ = {isa = PBXBuildFile; fileRef = 4846E87B2BF8F31200D7ADAB /* SavedMediaGridView.swift */; };
		4846E8802BF8F4CE00D7ADAB /* SavedType.swift in Sources */ = {isa = PBXBuildFile; fileRef = 4846E87F2BF8F4CE00D7ADAB /* SavedType.swift */; };
		485E800A2C08CFD20042ED4C /* NoInternetPopUpView.swift in Sources */ = {isa = PBXBuildFile; fileRef = 485E80092C08CFD20042ED4C /* NoInternetPopUpView.swift */; };
		48609A0E2C0FAB3D00289E35 /* WatchProviderList.swift in Sources */ = {isa = PBXBuildFile; fileRef = 48609A0D2C0FAB3D00289E35 /* WatchProviderList.swift */; };
		48609A102C0FAC8200289E35 /* ProviderInfo.swift in Sources */ = {isa = PBXBuildFile; fileRef = 48609A0F2C0FAC8200289E35 /* ProviderInfo.swift */; };
		48609A122C0FAC8C00289E35 /* WatchInfo.swift in Sources */ = {isa = PBXBuildFile; fileRef = 48609A112C0FAC8C00289E35 /* WatchInfo.swift */; };
		48609A152C10A92A00289E35 /* ProviderCarouselView.swift in Sources */ = {isa = PBXBuildFile; fileRef = 48609A142C10A92A00289E35 /* ProviderCarouselView.swift */; };
		48609A172C10A93300289E35 /* ProviderCarouselCellView.swift in Sources */ = {isa = PBXBuildFile; fileRef = 48609A162C10A93300289E35 /* ProviderCarouselCellView.swift */; };
		486AB3512C062D8100F80289 /* ToastInfo.swift in Sources */ = {isa = PBXBuildFile; fileRef = 486AB3502C062D8100F80289 /* ToastInfo.swift */; };
		488A644F2BFA409C00C5471A /* SaveMediaStackView.swift in Sources */ = {isa = PBXBuildFile; fileRef = 488A644E2BFA409C00C5471A /* SaveMediaStackView.swift */; };
		488A64522BFA40DB00C5471A /* SaveMediaButtonView.swift in Sources */ = {isa = PBXBuildFile; fileRef = 488A64512BFA40DB00C5471A /* SaveMediaButtonView.swift */; };
		48A309132BF503C900F1733C /* Movie_RadarApp.swift in Sources */ = {isa = PBXBuildFile; fileRef = 48A309122BF503C900F1733C /* Movie_RadarApp.swift */; };
		48A309172BF503CB00F1733C /* Assets.xcassets in Resources */ = {isa = PBXBuildFile; fileRef = 48A309162BF503CB00F1733C /* Assets.xcassets */; };
		48A3091A2BF503CB00F1733C /* Preview Assets.xcassets in Resources */ = {isa = PBXBuildFile; fileRef = 48A309192BF503CB00F1733C /* Preview Assets.xcassets */; };
		48A309242BF503CB00F1733C /* Movie_RadarTests.swift in Sources */ = {isa = PBXBuildFile; fileRef = 48A309232BF503CB00F1733C /* Movie_RadarTests.swift */; };
		48A3092E2BF503CB00F1733C /* Movie_RadarUITests.swift in Sources */ = {isa = PBXBuildFile; fileRef = 48A3092D2BF503CB00F1733C /* Movie_RadarUITests.swift */; };
		48A309302BF503CB00F1733C /* Movie_RadarUITestsLaunchTests.swift in Sources */ = {isa = PBXBuildFile; fileRef = 48A3092F2BF503CB00F1733C /* Movie_RadarUITestsLaunchTests.swift */; };
		48A309472BF5040700F1733C /* ActivityView.swift in Sources */ = {isa = PBXBuildFile; fileRef = 48A3093C2BF5040700F1733C /* ActivityView.swift */; };
		48A309482BF5040700F1733C /* AppGradient.swift in Sources */ = {isa = PBXBuildFile; fileRef = 48A3093D2BF5040700F1733C /* AppGradient.swift */; };
		48A309492BF5040700F1733C /* AppIcon.swift in Sources */ = {isa = PBXBuildFile; fileRef = 48A3093E2BF5040700F1733C /* AppIcon.swift */; };
		48A3094A2BF5040700F1733C /* HeaderText.swift in Sources */ = {isa = PBXBuildFile; fileRef = 48A3093F2BF5040700F1733C /* HeaderText.swift */; };
		48A3094B2BF5040700F1733C /* NoDataAvailableView.swift in Sources */ = {isa = PBXBuildFile; fileRef = 48A309402BF5040700F1733C /* NoDataAvailableView.swift */; };
		48A3094C2BF5040700F1733C /* PlaceholderView.swift in Sources */ = {isa = PBXBuildFile; fileRef = 48A309412BF5040700F1733C /* PlaceholderView.swift */; };
		48A3094D2BF5040700F1733C /* Colors.swift in Sources */ = {isa = PBXBuildFile; fileRef = 48A309432BF5040700F1733C /* Colors.swift */; };
		48A3094E2BF5040700F1733C /* View.swift in Sources */ = {isa = PBXBuildFile; fileRef = 48A309442BF5040700F1733C /* View.swift */; };
		48A309932BF5041900F1733C /* SavedMedia+ViewModel.swift in Sources */ = {isa = PBXBuildFile; fileRef = 48A3094F2BF5041900F1733C /* SavedMedia+ViewModel.swift */; };
		48A309942BF5041900F1733C /* SavedMediaView.swift in Sources */ = {isa = PBXBuildFile; fileRef = 48A309502BF5041900F1733C /* SavedMediaView.swift */; };
		48A309952BF5041900F1733C /* MediaCarouselCellView.swift in Sources */ = {isa = PBXBuildFile; fileRef = 48A309522BF5041900F1733C /* MediaCarouselCellView.swift */; };
		48A309962BF5041900F1733C /* MediaCarouselType.swift in Sources */ = {isa = PBXBuildFile; fileRef = 48A309532BF5041900F1733C /* MediaCarouselType.swift */; };
		48A309972BF5041900F1733C /* MediaCarouselView.swift in Sources */ = {isa = PBXBuildFile; fileRef = 48A309542BF5041900F1733C /* MediaCarouselView.swift */; };
		48A309982BF5041900F1733C /* GenreSelectorCellView.swift in Sources */ = {isa = PBXBuildFile; fileRef = 48A309562BF5041900F1733C /* GenreSelectorCellView.swift */; };
		48A309992BF5041900F1733C /* GenreSelectorView.swift in Sources */ = {isa = PBXBuildFile; fileRef = 48A309572BF5041900F1733C /* GenreSelectorView.swift */; };
		48A3099A2BF5041900F1733C /* DiscoverMediaGridView.swift in Sources */ = {isa = PBXBuildFile; fileRef = 48A309592BF5041900F1733C /* DiscoverMediaGridView.swift */; };
		48A3099B2BF5041900F1733C /* GridPlaceholderView.swift in Sources */ = {isa = PBXBuildFile; fileRef = 48A3095A2BF5041900F1733C /* GridPlaceholderView.swift */; };
		48A3099C2BF5041900F1733C /* GridCellView.swift in Sources */ = {isa = PBXBuildFile; fileRef = 48A3095B2BF5041900F1733C /* GridCellView.swift */; };
		48A3099D2BF5041900F1733C /* GridView.swift in Sources */ = {isa = PBXBuildFile; fileRef = 48A3095C2BF5041900F1733C /* GridView.swift */; };
		48A3099E2BF5041900F1733C /* SearchBar.swift in Sources */ = {isa = PBXBuildFile; fileRef = 48A3095D2BF5041900F1733C /* SearchBar.swift */; };
		48A3099F2BF5041900F1733C /* SortSelectorView.swift in Sources */ = {isa = PBXBuildFile; fileRef = 48A3095E2BF5041900F1733C /* SortSelectorView.swift */; };
		48A309A02BF5041900F1733C /* HomeContent+ViewModel.swift in Sources */ = {isa = PBXBuildFile; fileRef = 48A309602BF5041900F1733C /* HomeContent+ViewModel.swift */; };
		48A309A12BF5041900F1733C /* HomeContentView.swift in Sources */ = {isa = PBXBuildFile; fileRef = 48A309612BF5041900F1733C /* HomeContentView.swift */; };
		48A309A22BF5041900F1733C /* ImageDetail+ViewModel.swift in Sources */ = {isa = PBXBuildFile; fileRef = 48A309632BF5041900F1733C /* ImageDetail+ViewModel.swift */; };
		48A309A32BF5041900F1733C /* ImageDetailView.swift in Sources */ = {isa = PBXBuildFile; fileRef = 48A309642BF5041900F1733C /* ImageDetailView.swift */; };
		48A309A42BF5041900F1733C /* ActorCarouselCellView.swift in Sources */ = {isa = PBXBuildFile; fileRef = 48A309662BF5041900F1733C /* ActorCarouselCellView.swift */; };
		48A309A52BF5041900F1733C /* ActorCarouselView.swift in Sources */ = {isa = PBXBuildFile; fileRef = 48A309672BF5041900F1733C /* ActorCarouselView.swift */; };
		48A309A62BF5041900F1733C /* GenreCarouselView.swift in Sources */ = {isa = PBXBuildFile; fileRef = 48A309692BF5041900F1733C /* GenreCarouselView.swift */; };
		48A309A72BF5041900F1733C /* GenreCellView.swift in Sources */ = {isa = PBXBuildFile; fileRef = 48A3096A2BF5041900F1733C /* GenreCellView.swift */; };
		48A309A82BF5041900F1733C /* ImageCarouselCellView.swift in Sources */ = {isa = PBXBuildFile; fileRef = 48A3096C2BF5041900F1733C /* ImageCarouselCellView.swift */; };
		48A309A92BF5041900F1733C /* ImageCarouselView.swift in Sources */ = {isa = PBXBuildFile; fileRef = 48A3096D2BF5041900F1733C /* ImageCarouselView.swift */; };
		48A309AA2BF5041900F1733C /* RecommendationsCarouselCellView.swift in Sources */ = {isa = PBXBuildFile; fileRef = 48A3096F2BF5041900F1733C /* RecommendationsCarouselCellView.swift */; };
		48A309AB2BF5041900F1733C /* RecommendationsCarouselView.swift in Sources */ = {isa = PBXBuildFile; fileRef = 48A309702BF5041900F1733C /* RecommendationsCarouselView.swift */; };
		48A309AC2BF5041900F1733C /* ReviewCarouselCellView.swift in Sources */ = {isa = PBXBuildFile; fileRef = 48A309722BF5041900F1733C /* ReviewCarouselCellView.swift */; };
		48A309AD2BF5041900F1733C /* ReviewCarouselView.swift in Sources */ = {isa = PBXBuildFile; fileRef = 48A309732BF5041900F1733C /* ReviewCarouselView.swift */; };
		48A309AE2BF5041900F1733C /* LinksCarouselCellView.swift in Sources */ = {isa = PBXBuildFile; fileRef = 48A309752BF5041900F1733C /* LinksCarouselCellView.swift */; };
		48A309AF2BF5041900F1733C /* LinksCarouselView.swift in Sources */ = {isa = PBXBuildFile; fileRef = 48A309762BF5041900F1733C /* LinksCarouselView.swift */; };
		48A309B02BF5041900F1733C /* MediaDescriptionView.swift in Sources */ = {isa = PBXBuildFile; fileRef = 48A309782BF5041900F1733C /* MediaDescriptionView.swift */; };
		48A309B12BF5041900F1733C /* MediaDetail+ViewModel.swift in Sources */ = {isa = PBXBuildFile; fileRef = 48A309792BF5041900F1733C /* MediaDetail+ViewModel.swift */; };
		48A309B22BF5041900F1733C /* MediaDetailBodyView.swift in Sources */ = {isa = PBXBuildFile; fileRef = 48A3097A2BF5041900F1733C /* MediaDetailBodyView.swift */; };
		48A309B32BF5041900F1733C /* MediaDetailHeaderView.swift in Sources */ = {isa = PBXBuildFile; fileRef = 48A3097B2BF5041900F1733C /* MediaDetailHeaderView.swift */; };
		48A309B42BF5041900F1733C /* MediaDetailView.swift in Sources */ = {isa = PBXBuildFile; fileRef = 48A3097C2BF5041900F1733C /* MediaDetailView.swift */; };
		48A309B62BF5041900F1733C /* PersonDetail+ViewModel.swift in Sources */ = {isa = PBXBuildFile; fileRef = 48A3097F2BF5041900F1733C /* PersonDetail+ViewModel.swift */; };
		48A309B72BF5041900F1733C /* PersonDetailView.swift in Sources */ = {isa = PBXBuildFile; fileRef = 48A309802BF5041900F1733C /* PersonDetailView.swift */; };
		48A309B82BF5041900F1733C /* PersonCarouselCellView.swift in Sources */ = {isa = PBXBuildFile; fileRef = 48A309812BF5041900F1733C /* PersonCarouselCellView.swift */; };
		48A309B92BF5041900F1733C /* PersonCarouselView.swift in Sources */ = {isa = PBXBuildFile; fileRef = 48A309822BF5041900F1733C /* PersonCarouselView.swift */; };
		48A309BA2BF5041900F1733C /* PersonHeaderView.swift in Sources */ = {isa = PBXBuildFile; fileRef = 48A309832BF5041900F1733C /* PersonHeaderView.swift */; };
		48A309BC2BF5041900F1733C /* AppIconPickerView.swift in Sources */ = {isa = PBXBuildFile; fileRef = 48A309872BF5041900F1733C /* AppIconPickerView.swift */; };
		48A309BD2BF5041900F1733C /* AppThemePickerView.swift in Sources */ = {isa = PBXBuildFile; fileRef = 48A309882BF5041900F1733C /* AppThemePickerView.swift */; };
		48A309BE2BF5041900F1733C /* AppVersionView.swift in Sources */ = {isa = PBXBuildFile; fileRef = 48A309892BF5041900F1733C /* AppVersionView.swift */; };
		48A309BF2BF5041900F1733C /* ContactView.swift in Sources */ = {isa = PBXBuildFile; fileRef = 48A3098A2BF5041900F1733C /* ContactView.swift */; };
		48A309C02BF5041900F1733C /* RateView.swift in Sources */ = {isa = PBXBuildFile; fileRef = 48A3098B2BF5041900F1733C /* RateView.swift */; };
		48A309C12BF5041900F1733C /* Settings+ViewModel.swift in Sources */ = {isa = PBXBuildFile; fileRef = 48A3098C2BF5041900F1733C /* Settings+ViewModel.swift */; };
		48A309C22BF5041900F1733C /* SettingsView.swift in Sources */ = {isa = PBXBuildFile; fileRef = 48A3098D2BF5041900F1733C /* SettingsView.swift */; };
		48A309C32BF5041900F1733C /* DataProvidersView.swift in Sources */ = {isa = PBXBuildFile; fileRef = 48A3098E2BF5041900F1733C /* DataProvidersView.swift */; };
		48A309C42BF5041900F1733C /* MainTabView.swift in Sources */ = {isa = PBXBuildFile; fileRef = 48A309902BF5041900F1733C /* MainTabView.swift */; };
		48A309E52BF5044400F1733C /* LocalStorage.swift in Sources */ = {isa = PBXBuildFile; fileRef = 48A309C52BF5044400F1733C /* LocalStorage.swift */; };
		48A309E62BF5044400F1733C /* Genre.swift in Sources */ = {isa = PBXBuildFile; fileRef = 48A309C72BF5044400F1733C /* Genre.swift */; };
		48A309E72BF5044400F1733C /* GenreList.swift in Sources */ = {isa = PBXBuildFile; fileRef = 48A309C82BF5044400F1733C /* GenreList.swift */; };
		48A309E82BF5044400F1733C /* ImageList.swift in Sources */ = {isa = PBXBuildFile; fileRef = 48A309CA2BF5044400F1733C /* ImageList.swift */; };
		48A309E92BF5044400F1733C /* MediaImage.swift in Sources */ = {isa = PBXBuildFile; fileRef = 48A309CB2BF5044400F1733C /* MediaImage.swift */; };
		48A309EA2BF5044400F1733C /* Link.swift in Sources */ = {isa = PBXBuildFile; fileRef = 48A309CD2BF5044400F1733C /* Link.swift */; };
		48A309EB2BF5044400F1733C /* LinkList.swift in Sources */ = {isa = PBXBuildFile; fileRef = 48A309CE2BF5044400F1733C /* LinkList.swift */; };
		48A309EC2BF5044400F1733C /* MovieGridSortType.swift in Sources */ = {isa = PBXBuildFile; fileRef = 48A309D02BF5044400F1733C /* MovieGridSortType.swift */; };
		48A309ED2BF5044400F1733C /* Media.swift in Sources */ = {isa = PBXBuildFile; fileRef = 48A309D12BF5044400F1733C /* Media.swift */; };
		48A309EE2BF5044400F1733C /* MediaList.swift in Sources */ = {isa = PBXBuildFile; fileRef = 48A309D22BF5044400F1733C /* MediaList.swift */; };
		48A309EF2BF5044400F1733C /* Cast.swift in Sources */ = {isa = PBXBuildFile; fileRef = 48A309D42BF5044400F1733C /* Cast.swift */; };
		48A309F02BF5044400F1733C /* Credits.swift in Sources */ = {isa = PBXBuildFile; fileRef = 48A309D52BF5044400F1733C /* Credits.swift */; };
		48A309F12BF5044400F1733C /* Person.swift in Sources */ = {isa = PBXBuildFile; fileRef = 48A309D62BF5044400F1733C /* Person.swift */; };
		48A309F22BF5044400F1733C /* PersonMedia.swift in Sources */ = {isa = PBXBuildFile; fileRef = 48A309D72BF5044400F1733C /* PersonMedia.swift */; };
		48A309F32BF5044400F1733C /* PersonMediaList.swift in Sources */ = {isa = PBXBuildFile; fileRef = 48A309D82BF5044400F1733C /* PersonMediaList.swift */; };
		48A309F42BF5044400F1733C /* Review.swift in Sources */ = {isa = PBXBuildFile; fileRef = 48A309DA2BF5044400F1733C /* Review.swift */; };
		48A309F52BF5044400F1733C /* ReviewList.swift in Sources */ = {isa = PBXBuildFile; fileRef = 48A309DB2BF5044400F1733C /* ReviewList.swift */; };
		48A309F62BF5044400F1733C /* APIService.swift in Sources */ = {isa = PBXBuildFile; fileRef = 48A309DE2BF5044400F1733C /* APIService.swift */; };
		48A309F72BF5044400F1733C /* APIService+Endpoints.swift in Sources */ = {isa = PBXBuildFile; fileRef = 48A309DF2BF5044400F1733C /* APIService+Endpoints.swift */; };
		48A309F92BF5044400F1733C /* PathBuilder.swift in Sources */ = {isa = PBXBuildFile; fileRef = 48A309E12BF5044400F1733C /* PathBuilder.swift */; };
		48A309FC2BF5051000F1733C /* Localizable.xcstrings in Resources */ = {isa = PBXBuildFile; fileRef = 48A309FB2BF5051000F1733C /* Localizable.xcstrings */; };
		48A49B392C09C2C600E94E3B /* UserListType.swift in Sources */ = {isa = PBXBuildFile; fileRef = 48A49B382C09C2C600E94E3B /* UserListType.swift */; };
		48B381C72C03AE680015FD38 /* Filters+ViewModel.swift in Sources */ = {isa = PBXBuildFile; fileRef = 48B381C62C03AE680015FD38 /* Filters+ViewModel.swift */; };
		48B8B2CA2BF927FE002276C7 /* SavedMedia.swift in Sources */ = {isa = PBXBuildFile; fileRef = 48B8B2C92BF927FE002276C7 /* SavedMedia.swift */; };
		48C544D62C0C54BF00AE6517 /* SFSymbolsPicker in Frameworks */ = {isa = PBXBuildFile; productRef = 48C544D52C0C54BF00AE6517 /* SFSymbolsPicker */; };
		48C544D82C0C55D700AE6517 /* ListsView.swift in Sources */ = {isa = PBXBuildFile; fileRef = 48C544D72C0C55D700AE6517 /* ListsView.swift */; };
		48C544DA2C0C7EAB00AE6517 /* CreateListView.swift in Sources */ = {isa = PBXBuildFile; fileRef = 48C544D92C0C7EAB00AE6517 /* CreateListView.swift */; };
		48C544DC2C0C818D00AE6517 /* UserLists+ViewModel.swift in Sources */ = {isa = PBXBuildFile; fileRef = 48C544DB2C0C818D00AE6517 /* UserLists+ViewModel.swift */; };
		48F38C002BF6868A003F0CD0 /* MediaType.swift in Sources */ = {isa = PBXBuildFile; fileRef = 48F38BFF2BF6868A003F0CD0 /* MediaType.swift */; };
		48F38C022BF69A96003F0CD0 /* SeriesGridSortType.swift in Sources */ = {isa = PBXBuildFile; fileRef = 48F38C012BF69A96003F0CD0 /* SeriesGridSortType.swift */; };
		48F562D22C14D8BE0019DF20 /* Int.swift in Sources */ = {isa = PBXBuildFile; fileRef = 48F562D12C14D8BE0019DF20 /* Int.swift */; };
		48F562D42C14DCAC0019DF20 /* Keys.plist in Resources */ = {isa = PBXBuildFile; fileRef = 48F562D32C14DCAB0019DF20 /* Keys.plist */; };
		48F562D62C15A6D10019DF20 /* MediaTopMenuView.swift in Sources */ = {isa = PBXBuildFile; fileRef = 48F562D52C15A6D10019DF20 /* MediaTopMenuView.swift */; };
		48F562D82C15BC5A0019DF20 /* ScrollOffsetPreferenceKey.swift in Sources */ = {isa = PBXBuildFile; fileRef = 48F562D72C15BC5A0019DF20 /* ScrollOffsetPreferenceKey.swift */; };
		48F87F922C15D1C400A3C7A9 /* LaunchView.swift in Sources */ = {isa = PBXBuildFile; fileRef = 48F87F912C15D1C400A3C7A9 /* LaunchView.swift */; };
		48F87F942C15D43800A3C7A9 /* VideoList.swift in Sources */ = {isa = PBXBuildFile; fileRef = 48F87F932C15D43800A3C7A9 /* VideoList.swift */; };
/* End PBXBuildFile section */

/* Begin PBXContainerItemProxy section */
		48A309202BF503CB00F1733C /* PBXContainerItemProxy */ = {
			isa = PBXContainerItemProxy;
			containerPortal = 48A309072BF503C900F1733C /* Project object */;
			proxyType = 1;
			remoteGlobalIDString = 48A3090E2BF503C900F1733C;
			remoteInfo = "Movie Radar";
		};
		48A3092A2BF503CB00F1733C /* PBXContainerItemProxy */ = {
			isa = PBXContainerItemProxy;
			containerPortal = 48A309072BF503C900F1733C /* Project object */;
			proxyType = 1;
			remoteGlobalIDString = 48A3090E2BF503C900F1733C;
			remoteInfo = "Movie Radar";
		};
/* End PBXContainerItemProxy section */

/* Begin PBXFileReference section */
		48181E342C0CBCFF0067D5CB /* ColorInfo.swift */ = {isa = PBXFileReference; lastKnownFileType = sourcecode.swift; path = ColorInfo.swift; sourceTree = "<group>"; };
		48181E362C0CD9940067D5CB /* PlaceholderStyle.swift */ = {isa = PBXFileReference; lastKnownFileType = sourcecode.swift; path = PlaceholderStyle.swift; sourceTree = "<group>"; };
		481B4EC62C11B801003D1DEB /* ProviderType.swift */ = {isa = PBXFileReference; lastKnownFileType = sourcecode.swift; path = ProviderType.swift; sourceTree = "<group>"; };
		481B4ECD2C13617C003D1DEB /* Toast.swift */ = {isa = PBXFileReference; lastKnownFileType = sourcecode.swift; path = Toast.swift; sourceTree = "<group>"; };
		4823935A2C09AD9F00E7DB24 /* UserListsView.swift */ = {isa = PBXFileReference; lastKnownFileType = sourcecode.swift; path = UserListsView.swift; sourceTree = "<group>"; };
		4823935C2C09AE3A00E7DB24 /* UserList.swift */ = {isa = PBXFileReference; lastKnownFileType = sourcecode.swift; path = UserList.swift; sourceTree = "<group>"; };
		4823935E2C09B67800E7DB24 /* UserListsCellView.swift */ = {isa = PBXFileReference; lastKnownFileType = sourcecode.swift; path = UserListsCellView.swift; sourceTree = "<group>"; };
		48289DE22BF5084B00C7F68B /* MainHomeView.swift */ = {isa = PBXFileReference; lastKnownFileType = sourcecode.swift; path = MainHomeView.swift; sourceTree = "<group>"; };
		482FBAF02C08C1AC005DA9F4 /* NetworkMonitor.swift */ = {isa = PBXFileReference; lastKnownFileType = sourcecode.swift; path = NetworkMonitor.swift; sourceTree = "<group>"; };
		483C09A02C19BAED00258E71 /* ImageCache.swift */ = {isa = PBXFileReference; lastKnownFileType = sourcecode.swift; path = ImageCache.swift; sourceTree = "<group>"; };
		483C09A22C19EFBE00258E71 /* ImageLoader.swift */ = {isa = PBXFileReference; lastKnownFileType = sourcecode.swift; path = ImageLoader.swift; sourceTree = "<group>"; };
		483DDF9A2BFBB1A9007677A1 /* ReviewDetailView.swift */ = {isa = PBXFileReference; lastKnownFileType = sourcecode.swift; path = ReviewDetailView.swift; sourceTree = "<group>"; };
		483DDF9C2BFBB1BA007677A1 /* ReviewDetail+ViewModel.swift */ = {isa = PBXFileReference; lastKnownFileType = sourcecode.swift; path = "ReviewDetail+ViewModel.swift"; sourceTree = "<group>"; };
		483DDFA32BFE47B4007677A1 /* FiltersView.swift */ = {isa = PBXFileReference; lastKnownFileType = sourcecode.swift; path = FiltersView.swift; sourceTree = "<group>"; };
		4846E8652BF7968300D7ADAB /* MediaCrewCellView.swift */ = {isa = PBXFileReference; lastKnownFileType = sourcecode.swift; path = MediaCrewCellView.swift; sourceTree = "<group>"; };
		4846E8682BF7986100D7ADAB /* MediaCrewView.swift */ = {isa = PBXFileReference; lastKnownFileType = sourcecode.swift; path = MediaCrewView.swift; sourceTree = "<group>"; };
		4846E86A2BF7A31000D7ADAB /* MediaContextMenu.swift */ = {isa = PBXFileReference; lastKnownFileType = sourcecode.swift; path = MediaContextMenu.swift; sourceTree = "<group>"; };
		4846E86C2BF8C0B700D7ADAB /* Season.swift */ = {isa = PBXFileReference; lastKnownFileType = sourcecode.swift; path = Season.swift; sourceTree = "<group>"; };
		4846E86F2BF8C11F00D7ADAB /* SeasonsCarouselView.swift */ = {isa = PBXFileReference; lastKnownFileType = sourcecode.swift; path = SeasonsCarouselView.swift; sourceTree = "<group>"; };
		4846E8712BF8C12B00D7ADAB /* SeasonCellView.swift */ = {isa = PBXFileReference; lastKnownFileType = sourcecode.swift; path = SeasonCellView.swift; sourceTree = "<group>"; };
		4846E8732BF8C49700D7ADAB /* GenericCrew.swift */ = {isa = PBXFileReference; lastKnownFileType = sourcecode.swift; path = GenericCrew.swift; sourceTree = "<group>"; };
		4846E8752BF8CC8E00D7ADAB /* ImageData.swift */ = {isa = PBXFileReference; lastKnownFileType = sourcecode.swift; path = ImageData.swift; sourceTree = "<group>"; };
		4846E8772BF8F14C00D7ADAB /* TabViewHeader.swift */ = {isa = PBXFileReference; lastKnownFileType = sourcecode.swift; path = TabViewHeader.swift; sourceTree = "<group>"; };
		4846E87B2BF8F31200D7ADAB /* SavedMediaGridView.swift */ = {isa = PBXFileReference; lastKnownFileType = sourcecode.swift; path = SavedMediaGridView.swift; sourceTree = "<group>"; };
		4846E87F2BF8F4CE00D7ADAB /* SavedType.swift */ = {isa = PBXFileReference; lastKnownFileType = sourcecode.swift; path = SavedType.swift; sourceTree = "<group>"; };
		485E80092C08CFD20042ED4C /* NoInternetPopUpView.swift */ = {isa = PBXFileReference; lastKnownFileType = sourcecode.swift; path = NoInternetPopUpView.swift; sourceTree = "<group>"; };
		48609A0D2C0FAB3D00289E35 /* WatchProviderList.swift */ = {isa = PBXFileReference; lastKnownFileType = sourcecode.swift; path = WatchProviderList.swift; sourceTree = "<group>"; };
		48609A0F2C0FAC8200289E35 /* ProviderInfo.swift */ = {isa = PBXFileReference; lastKnownFileType = sourcecode.swift; path = ProviderInfo.swift; sourceTree = "<group>"; };
		48609A112C0FAC8C00289E35 /* WatchInfo.swift */ = {isa = PBXFileReference; lastKnownFileType = sourcecode.swift; path = WatchInfo.swift; sourceTree = "<group>"; };
		48609A142C10A92A00289E35 /* ProviderCarouselView.swift */ = {isa = PBXFileReference; lastKnownFileType = sourcecode.swift; path = ProviderCarouselView.swift; sourceTree = "<group>"; };
		48609A162C10A93300289E35 /* ProviderCarouselCellView.swift */ = {isa = PBXFileReference; lastKnownFileType = sourcecode.swift; path = ProviderCarouselCellView.swift; sourceTree = "<group>"; };
		486AB3502C062D8100F80289 /* ToastInfo.swift */ = {isa = PBXFileReference; lastKnownFileType = sourcecode.swift; path = ToastInfo.swift; sourceTree = "<group>"; };
		488A644E2BFA409C00C5471A /* SaveMediaStackView.swift */ = {isa = PBXFileReference; lastKnownFileType = sourcecode.swift; path = SaveMediaStackView.swift; sourceTree = "<group>"; };
		488A64512BFA40DB00C5471A /* SaveMediaButtonView.swift */ = {isa = PBXFileReference; lastKnownFileType = sourcecode.swift; path = SaveMediaButtonView.swift; sourceTree = "<group>"; };
		48A3090F2BF503C900F1733C /* Movie Radar.app */ = {isa = PBXFileReference; explicitFileType = wrapper.application; includeInIndex = 0; path = "Movie Radar.app"; sourceTree = BUILT_PRODUCTS_DIR; };
		48A309122BF503C900F1733C /* Movie_RadarApp.swift */ = {isa = PBXFileReference; lastKnownFileType = sourcecode.swift; path = Movie_RadarApp.swift; sourceTree = "<group>"; };
		48A309162BF503CB00F1733C /* Assets.xcassets */ = {isa = PBXFileReference; lastKnownFileType = folder.assetcatalog; path = Assets.xcassets; sourceTree = "<group>"; };
		48A309192BF503CB00F1733C /* Preview Assets.xcassets */ = {isa = PBXFileReference; lastKnownFileType = folder.assetcatalog; path = "Preview Assets.xcassets"; sourceTree = "<group>"; };
		48A3091F2BF503CB00F1733C /* Movie RadarTests.xctest */ = {isa = PBXFileReference; explicitFileType = wrapper.cfbundle; includeInIndex = 0; path = "Movie RadarTests.xctest"; sourceTree = BUILT_PRODUCTS_DIR; };
		48A309232BF503CB00F1733C /* Movie_RadarTests.swift */ = {isa = PBXFileReference; lastKnownFileType = sourcecode.swift; path = Movie_RadarTests.swift; sourceTree = "<group>"; };
		48A309292BF503CB00F1733C /* Movie RadarUITests.xctest */ = {isa = PBXFileReference; explicitFileType = wrapper.cfbundle; includeInIndex = 0; path = "Movie RadarUITests.xctest"; sourceTree = BUILT_PRODUCTS_DIR; };
		48A3092D2BF503CB00F1733C /* Movie_RadarUITests.swift */ = {isa = PBXFileReference; lastKnownFileType = sourcecode.swift; path = Movie_RadarUITests.swift; sourceTree = "<group>"; };
		48A3092F2BF503CB00F1733C /* Movie_RadarUITestsLaunchTests.swift */ = {isa = PBXFileReference; lastKnownFileType = sourcecode.swift; path = Movie_RadarUITestsLaunchTests.swift; sourceTree = "<group>"; };
		48A3093C2BF5040700F1733C /* ActivityView.swift */ = {isa = PBXFileReference; fileEncoding = 4; lastKnownFileType = sourcecode.swift; path = ActivityView.swift; sourceTree = "<group>"; };
		48A3093D2BF5040700F1733C /* AppGradient.swift */ = {isa = PBXFileReference; fileEncoding = 4; lastKnownFileType = sourcecode.swift; path = AppGradient.swift; sourceTree = "<group>"; };
		48A3093E2BF5040700F1733C /* AppIcon.swift */ = {isa = PBXFileReference; fileEncoding = 4; lastKnownFileType = sourcecode.swift; path = AppIcon.swift; sourceTree = "<group>"; };
		48A3093F2BF5040700F1733C /* HeaderText.swift */ = {isa = PBXFileReference; fileEncoding = 4; lastKnownFileType = sourcecode.swift; path = HeaderText.swift; sourceTree = "<group>"; };
		48A309402BF5040700F1733C /* NoDataAvailableView.swift */ = {isa = PBXFileReference; fileEncoding = 4; lastKnownFileType = sourcecode.swift; path = NoDataAvailableView.swift; sourceTree = "<group>"; };
		48A309412BF5040700F1733C /* PlaceholderView.swift */ = {isa = PBXFileReference; fileEncoding = 4; lastKnownFileType = sourcecode.swift; path = PlaceholderView.swift; sourceTree = "<group>"; };
		48A309432BF5040700F1733C /* Colors.swift */ = {isa = PBXFileReference; fileEncoding = 4; lastKnownFileType = sourcecode.swift; path = Colors.swift; sourceTree = "<group>"; };
		48A309442BF5040700F1733C /* View.swift */ = {isa = PBXFileReference; fileEncoding = 4; lastKnownFileType = sourcecode.swift; path = View.swift; sourceTree = "<group>"; };
		48A3094F2BF5041900F1733C /* SavedMedia+ViewModel.swift */ = {isa = PBXFileReference; fileEncoding = 4; lastKnownFileType = sourcecode.swift; path = "SavedMedia+ViewModel.swift"; sourceTree = "<group>"; };
		48A309502BF5041900F1733C /* SavedMediaView.swift */ = {isa = PBXFileReference; fileEncoding = 4; lastKnownFileType = sourcecode.swift; path = SavedMediaView.swift; sourceTree = "<group>"; };
		48A309522BF5041900F1733C /* MediaCarouselCellView.swift */ = {isa = PBXFileReference; fileEncoding = 4; lastKnownFileType = sourcecode.swift; path = MediaCarouselCellView.swift; sourceTree = "<group>"; };
		48A309532BF5041900F1733C /* MediaCarouselType.swift */ = {isa = PBXFileReference; fileEncoding = 4; lastKnownFileType = sourcecode.swift; path = MediaCarouselType.swift; sourceTree = "<group>"; };
		48A309542BF5041900F1733C /* MediaCarouselView.swift */ = {isa = PBXFileReference; fileEncoding = 4; lastKnownFileType = sourcecode.swift; path = MediaCarouselView.swift; sourceTree = "<group>"; };
		48A309562BF5041900F1733C /* GenreSelectorCellView.swift */ = {isa = PBXFileReference; fileEncoding = 4; lastKnownFileType = sourcecode.swift; path = GenreSelectorCellView.swift; sourceTree = "<group>"; };
		48A309572BF5041900F1733C /* GenreSelectorView.swift */ = {isa = PBXFileReference; fileEncoding = 4; lastKnownFileType = sourcecode.swift; path = GenreSelectorView.swift; sourceTree = "<group>"; };
		48A309592BF5041900F1733C /* DiscoverMediaGridView.swift */ = {isa = PBXFileReference; fileEncoding = 4; lastKnownFileType = sourcecode.swift; path = DiscoverMediaGridView.swift; sourceTree = "<group>"; };
		48A3095A2BF5041900F1733C /* GridPlaceholderView.swift */ = {isa = PBXFileReference; fileEncoding = 4; lastKnownFileType = sourcecode.swift; path = GridPlaceholderView.swift; sourceTree = "<group>"; };
		48A3095B2BF5041900F1733C /* GridCellView.swift */ = {isa = PBXFileReference; fileEncoding = 4; lastKnownFileType = sourcecode.swift; path = GridCellView.swift; sourceTree = "<group>"; };
		48A3095C2BF5041900F1733C /* GridView.swift */ = {isa = PBXFileReference; fileEncoding = 4; lastKnownFileType = sourcecode.swift; path = GridView.swift; sourceTree = "<group>"; };
		48A3095D2BF5041900F1733C /* SearchBar.swift */ = {isa = PBXFileReference; fileEncoding = 4; lastKnownFileType = sourcecode.swift; path = SearchBar.swift; sourceTree = "<group>"; };
		48A3095E2BF5041900F1733C /* SortSelectorView.swift */ = {isa = PBXFileReference; fileEncoding = 4; lastKnownFileType = sourcecode.swift; path = SortSelectorView.swift; sourceTree = "<group>"; };
		48A309602BF5041900F1733C /* HomeContent+ViewModel.swift */ = {isa = PBXFileReference; fileEncoding = 4; lastKnownFileType = sourcecode.swift; path = "HomeContent+ViewModel.swift"; sourceTree = "<group>"; };
		48A309612BF5041900F1733C /* HomeContentView.swift */ = {isa = PBXFileReference; fileEncoding = 4; lastKnownFileType = sourcecode.swift; path = HomeContentView.swift; sourceTree = "<group>"; };
		48A309632BF5041900F1733C /* ImageDetail+ViewModel.swift */ = {isa = PBXFileReference; fileEncoding = 4; lastKnownFileType = sourcecode.swift; path = "ImageDetail+ViewModel.swift"; sourceTree = "<group>"; };
		48A309642BF5041900F1733C /* ImageDetailView.swift */ = {isa = PBXFileReference; fileEncoding = 4; lastKnownFileType = sourcecode.swift; path = ImageDetailView.swift; sourceTree = "<group>"; };
		48A309662BF5041900F1733C /* ActorCarouselCellView.swift */ = {isa = PBXFileReference; fileEncoding = 4; lastKnownFileType = sourcecode.swift; path = ActorCarouselCellView.swift; sourceTree = "<group>"; };
		48A309672BF5041900F1733C /* ActorCarouselView.swift */ = {isa = PBXFileReference; fileEncoding = 4; lastKnownFileType = sourcecode.swift; path = ActorCarouselView.swift; sourceTree = "<group>"; };
		48A309692BF5041900F1733C /* GenreCarouselView.swift */ = {isa = PBXFileReference; fileEncoding = 4; lastKnownFileType = sourcecode.swift; path = GenreCarouselView.swift; sourceTree = "<group>"; };
		48A3096A2BF5041900F1733C /* GenreCellView.swift */ = {isa = PBXFileReference; fileEncoding = 4; lastKnownFileType = sourcecode.swift; path = GenreCellView.swift; sourceTree = "<group>"; };
		48A3096C2BF5041900F1733C /* ImageCarouselCellView.swift */ = {isa = PBXFileReference; fileEncoding = 4; lastKnownFileType = sourcecode.swift; path = ImageCarouselCellView.swift; sourceTree = "<group>"; };
		48A3096D2BF5041900F1733C /* ImageCarouselView.swift */ = {isa = PBXFileReference; fileEncoding = 4; lastKnownFileType = sourcecode.swift; path = ImageCarouselView.swift; sourceTree = "<group>"; };
		48A3096F2BF5041900F1733C /* RecommendationsCarouselCellView.swift */ = {isa = PBXFileReference; fileEncoding = 4; lastKnownFileType = sourcecode.swift; path = RecommendationsCarouselCellView.swift; sourceTree = "<group>"; };
		48A309702BF5041900F1733C /* RecommendationsCarouselView.swift */ = {isa = PBXFileReference; fileEncoding = 4; lastKnownFileType = sourcecode.swift; path = RecommendationsCarouselView.swift; sourceTree = "<group>"; };
		48A309722BF5041900F1733C /* ReviewCarouselCellView.swift */ = {isa = PBXFileReference; fileEncoding = 4; lastKnownFileType = sourcecode.swift; path = ReviewCarouselCellView.swift; sourceTree = "<group>"; };
		48A309732BF5041900F1733C /* ReviewCarouselView.swift */ = {isa = PBXFileReference; fileEncoding = 4; lastKnownFileType = sourcecode.swift; path = ReviewCarouselView.swift; sourceTree = "<group>"; };
		48A309752BF5041900F1733C /* LinksCarouselCellView.swift */ = {isa = PBXFileReference; fileEncoding = 4; lastKnownFileType = sourcecode.swift; path = LinksCarouselCellView.swift; sourceTree = "<group>"; };
		48A309762BF5041900F1733C /* LinksCarouselView.swift */ = {isa = PBXFileReference; fileEncoding = 4; lastKnownFileType = sourcecode.swift; path = LinksCarouselView.swift; sourceTree = "<group>"; };
		48A309782BF5041900F1733C /* MediaDescriptionView.swift */ = {isa = PBXFileReference; fileEncoding = 4; lastKnownFileType = sourcecode.swift; path = MediaDescriptionView.swift; sourceTree = "<group>"; };
		48A309792BF5041900F1733C /* MediaDetail+ViewModel.swift */ = {isa = PBXFileReference; fileEncoding = 4; lastKnownFileType = sourcecode.swift; path = "MediaDetail+ViewModel.swift"; sourceTree = "<group>"; };
		48A3097A2BF5041900F1733C /* MediaDetailBodyView.swift */ = {isa = PBXFileReference; fileEncoding = 4; lastKnownFileType = sourcecode.swift; path = MediaDetailBodyView.swift; sourceTree = "<group>"; };
		48A3097B2BF5041900F1733C /* MediaDetailHeaderView.swift */ = {isa = PBXFileReference; fileEncoding = 4; lastKnownFileType = sourcecode.swift; path = MediaDetailHeaderView.swift; sourceTree = "<group>"; };
		48A3097C2BF5041900F1733C /* MediaDetailView.swift */ = {isa = PBXFileReference; fileEncoding = 4; lastKnownFileType = sourcecode.swift; path = MediaDetailView.swift; sourceTree = "<group>"; };
		48A3097F2BF5041900F1733C /* PersonDetail+ViewModel.swift */ = {isa = PBXFileReference; fileEncoding = 4; lastKnownFileType = sourcecode.swift; path = "PersonDetail+ViewModel.swift"; sourceTree = "<group>"; };
		48A309802BF5041900F1733C /* PersonDetailView.swift */ = {isa = PBXFileReference; fileEncoding = 4; lastKnownFileType = sourcecode.swift; path = PersonDetailView.swift; sourceTree = "<group>"; };
		48A309812BF5041900F1733C /* PersonCarouselCellView.swift */ = {isa = PBXFileReference; fileEncoding = 4; lastKnownFileType = sourcecode.swift; path = PersonCarouselCellView.swift; sourceTree = "<group>"; };
		48A309822BF5041900F1733C /* PersonCarouselView.swift */ = {isa = PBXFileReference; fileEncoding = 4; lastKnownFileType = sourcecode.swift; path = PersonCarouselView.swift; sourceTree = "<group>"; };
		48A309832BF5041900F1733C /* PersonHeaderView.swift */ = {isa = PBXFileReference; fileEncoding = 4; lastKnownFileType = sourcecode.swift; path = PersonHeaderView.swift; sourceTree = "<group>"; };
		48A309872BF5041900F1733C /* AppIconPickerView.swift */ = {isa = PBXFileReference; fileEncoding = 4; lastKnownFileType = sourcecode.swift; path = AppIconPickerView.swift; sourceTree = "<group>"; };
		48A309882BF5041900F1733C /* AppThemePickerView.swift */ = {isa = PBXFileReference; fileEncoding = 4; lastKnownFileType = sourcecode.swift; path = AppThemePickerView.swift; sourceTree = "<group>"; };
		48A309892BF5041900F1733C /* AppVersionView.swift */ = {isa = PBXFileReference; fileEncoding = 4; lastKnownFileType = sourcecode.swift; path = AppVersionView.swift; sourceTree = "<group>"; };
		48A3098A2BF5041900F1733C /* ContactView.swift */ = {isa = PBXFileReference; fileEncoding = 4; lastKnownFileType = sourcecode.swift; path = ContactView.swift; sourceTree = "<group>"; };
		48A3098B2BF5041900F1733C /* RateView.swift */ = {isa = PBXFileReference; fileEncoding = 4; lastKnownFileType = sourcecode.swift; path = RateView.swift; sourceTree = "<group>"; };
		48A3098C2BF5041900F1733C /* Settings+ViewModel.swift */ = {isa = PBXFileReference; fileEncoding = 4; lastKnownFileType = sourcecode.swift; path = "Settings+ViewModel.swift"; sourceTree = "<group>"; };
		48A3098D2BF5041900F1733C /* SettingsView.swift */ = {isa = PBXFileReference; fileEncoding = 4; lastKnownFileType = sourcecode.swift; path = SettingsView.swift; sourceTree = "<group>"; };
		48A3098E2BF5041900F1733C /* DataProvidersView.swift */ = {isa = PBXFileReference; fileEncoding = 4; lastKnownFileType = sourcecode.swift; path = DataProvidersView.swift; sourceTree = "<group>"; };
		48A309902BF5041900F1733C /* MainTabView.swift */ = {isa = PBXFileReference; fileEncoding = 4; lastKnownFileType = sourcecode.swift; path = MainTabView.swift; sourceTree = "<group>"; };
		48A309C52BF5044400F1733C /* LocalStorage.swift */ = {isa = PBXFileReference; fileEncoding = 4; lastKnownFileType = sourcecode.swift; path = LocalStorage.swift; sourceTree = "<group>"; };
		48A309C72BF5044400F1733C /* Genre.swift */ = {isa = PBXFileReference; fileEncoding = 4; lastKnownFileType = sourcecode.swift; path = Genre.swift; sourceTree = "<group>"; };
		48A309C82BF5044400F1733C /* GenreList.swift */ = {isa = PBXFileReference; fileEncoding = 4; lastKnownFileType = sourcecode.swift; path = GenreList.swift; sourceTree = "<group>"; };
		48A309CA2BF5044400F1733C /* ImageList.swift */ = {isa = PBXFileReference; fileEncoding = 4; lastKnownFileType = sourcecode.swift; path = ImageList.swift; sourceTree = "<group>"; };
		48A309CB2BF5044400F1733C /* MediaImage.swift */ = {isa = PBXFileReference; fileEncoding = 4; lastKnownFileType = sourcecode.swift; path = MediaImage.swift; sourceTree = "<group>"; };
		48A309CD2BF5044400F1733C /* Link.swift */ = {isa = PBXFileReference; fileEncoding = 4; lastKnownFileType = sourcecode.swift; path = Link.swift; sourceTree = "<group>"; };
		48A309CE2BF5044400F1733C /* LinkList.swift */ = {isa = PBXFileReference; fileEncoding = 4; lastKnownFileType = sourcecode.swift; path = LinkList.swift; sourceTree = "<group>"; };
		48A309D02BF5044400F1733C /* MovieGridSortType.swift */ = {isa = PBXFileReference; fileEncoding = 4; lastKnownFileType = sourcecode.swift; path = MovieGridSortType.swift; sourceTree = "<group>"; };
		48A309D12BF5044400F1733C /* Media.swift */ = {isa = PBXFileReference; fileEncoding = 4; lastKnownFileType = sourcecode.swift; path = Media.swift; sourceTree = "<group>"; };
		48A309D22BF5044400F1733C /* MediaList.swift */ = {isa = PBXFileReference; fileEncoding = 4; lastKnownFileType = sourcecode.swift; path = MediaList.swift; sourceTree = "<group>"; };
		48A309D42BF5044400F1733C /* Cast.swift */ = {isa = PBXFileReference; fileEncoding = 4; lastKnownFileType = sourcecode.swift; path = Cast.swift; sourceTree = "<group>"; };
		48A309D52BF5044400F1733C /* Credits.swift */ = {isa = PBXFileReference; fileEncoding = 4; lastKnownFileType = sourcecode.swift; path = Credits.swift; sourceTree = "<group>"; };
		48A309D62BF5044400F1733C /* Person.swift */ = {isa = PBXFileReference; fileEncoding = 4; lastKnownFileType = sourcecode.swift; path = Person.swift; sourceTree = "<group>"; };
		48A309D72BF5044400F1733C /* PersonMedia.swift */ = {isa = PBXFileReference; fileEncoding = 4; lastKnownFileType = sourcecode.swift; path = PersonMedia.swift; sourceTree = "<group>"; };
		48A309D82BF5044400F1733C /* PersonMediaList.swift */ = {isa = PBXFileReference; fileEncoding = 4; lastKnownFileType = sourcecode.swift; path = PersonMediaList.swift; sourceTree = "<group>"; };
		48A309DA2BF5044400F1733C /* Review.swift */ = {isa = PBXFileReference; fileEncoding = 4; lastKnownFileType = sourcecode.swift; path = Review.swift; sourceTree = "<group>"; };
		48A309DB2BF5044400F1733C /* ReviewList.swift */ = {isa = PBXFileReference; fileEncoding = 4; lastKnownFileType = sourcecode.swift; path = ReviewList.swift; sourceTree = "<group>"; };
		48A309DE2BF5044400F1733C /* APIService.swift */ = {isa = PBXFileReference; fileEncoding = 4; lastKnownFileType = sourcecode.swift; path = APIService.swift; sourceTree = "<group>"; };
		48A309DF2BF5044400F1733C /* APIService+Endpoints.swift */ = {isa = PBXFileReference; fileEncoding = 4; lastKnownFileType = sourcecode.swift; path = "APIService+Endpoints.swift"; sourceTree = "<group>"; };
		48A309E12BF5044400F1733C /* PathBuilder.swift */ = {isa = PBXFileReference; fileEncoding = 4; lastKnownFileType = sourcecode.swift; path = PathBuilder.swift; sourceTree = "<group>"; };
		48A309FB2BF5051000F1733C /* Localizable.xcstrings */ = {isa = PBXFileReference; lastKnownFileType = text.json.xcstrings; path = Localizable.xcstrings; sourceTree = "<group>"; };
		48A49B382C09C2C600E94E3B /* UserListType.swift */ = {isa = PBXFileReference; lastKnownFileType = sourcecode.swift; path = UserListType.swift; sourceTree = "<group>"; };
		48B381C62C03AE680015FD38 /* Filters+ViewModel.swift */ = {isa = PBXFileReference; lastKnownFileType = sourcecode.swift; path = "Filters+ViewModel.swift"; sourceTree = "<group>"; };
		48B8B2C92BF927FE002276C7 /* SavedMedia.swift */ = {isa = PBXFileReference; lastKnownFileType = sourcecode.swift; path = SavedMedia.swift; sourceTree = "<group>"; };
		48C544D72C0C55D700AE6517 /* ListsView.swift */ = {isa = PBXFileReference; lastKnownFileType = sourcecode.swift; path = ListsView.swift; sourceTree = "<group>"; };
		48C544D92C0C7EAB00AE6517 /* CreateListView.swift */ = {isa = PBXFileReference; lastKnownFileType = sourcecode.swift; path = CreateListView.swift; sourceTree = "<group>"; };
		48C544DB2C0C818D00AE6517 /* UserLists+ViewModel.swift */ = {isa = PBXFileReference; lastKnownFileType = sourcecode.swift; path = "UserLists+ViewModel.swift"; sourceTree = "<group>"; };
		48F38BFF2BF6868A003F0CD0 /* MediaType.swift */ = {isa = PBXFileReference; lastKnownFileType = sourcecode.swift; path = MediaType.swift; sourceTree = "<group>"; };
		48F38C012BF69A96003F0CD0 /* SeriesGridSortType.swift */ = {isa = PBXFileReference; lastKnownFileType = sourcecode.swift; path = SeriesGridSortType.swift; sourceTree = "<group>"; };
		48F562D12C14D8BE0019DF20 /* Int.swift */ = {isa = PBXFileReference; lastKnownFileType = sourcecode.swift; path = Int.swift; sourceTree = "<group>"; };
		48F562D32C14DCAB0019DF20 /* Keys.plist */ = {isa = PBXFileReference; lastKnownFileType = text.plist.xml; path = Keys.plist; sourceTree = "<group>"; };
		48F562D52C15A6D10019DF20 /* MediaTopMenuView.swift */ = {isa = PBXFileReference; lastKnownFileType = sourcecode.swift; path = MediaTopMenuView.swift; sourceTree = "<group>"; };
		48F562D72C15BC5A0019DF20 /* ScrollOffsetPreferenceKey.swift */ = {isa = PBXFileReference; lastKnownFileType = sourcecode.swift; path = ScrollOffsetPreferenceKey.swift; sourceTree = "<group>"; };
		48F87F912C15D1C400A3C7A9 /* LaunchView.swift */ = {isa = PBXFileReference; lastKnownFileType = sourcecode.swift; path = LaunchView.swift; sourceTree = "<group>"; };
		48F87F932C15D43800A3C7A9 /* VideoList.swift */ = {isa = PBXFileReference; lastKnownFileType = sourcecode.swift; path = VideoList.swift; sourceTree = "<group>"; };
/* End PBXFileReference section */

/* Begin PBXFrameworksBuildPhase section */
		48A3090C2BF503C900F1733C /* Frameworks */ = {
			isa = PBXFrameworksBuildPhase;
			buildActionMask = 2147483647;
			files = (
				48C544D62C0C54BF00AE6517 /* SFSymbolsPicker in Frameworks */,
			);
			runOnlyForDeploymentPostprocessing = 0;
		};
		48A3091C2BF503CB00F1733C /* Frameworks */ = {
			isa = PBXFrameworksBuildPhase;
			buildActionMask = 2147483647;
			files = (
			);
			runOnlyForDeploymentPostprocessing = 0;
		};
		48A309262BF503CB00F1733C /* Frameworks */ = {
			isa = PBXFrameworksBuildPhase;
			buildActionMask = 2147483647;
			files = (
			);
			runOnlyForDeploymentPostprocessing = 0;
		};
/* End PBXFrameworksBuildPhase section */

/* Begin PBXGroup section */
		481B4ECC2C136170003D1DEB /* Toast */ = {
			isa = PBXGroup;
			children = (
				486AB3502C062D8100F80289 /* ToastInfo.swift */,
				481B4ECD2C13617C003D1DEB /* Toast.swift */,
			);
			path = Toast;
			sourceTree = "<group>";
		};
		482393592C09AD8800E7DB24 /* User Lists */ = {
			isa = PBXGroup;
			children = (
				4823935A2C09AD9F00E7DB24 /* UserListsView.swift */,
				48C544DB2C0C818D00AE6517 /* UserLists+ViewModel.swift */,
				48C544D72C0C55D700AE6517 /* ListsView.swift */,
				4823935E2C09B67800E7DB24 /* UserListsCellView.swift */,
				48C544D92C0C7EAB00AE6517 /* CreateListView.swift */,
			);
			path = "User Lists";
			sourceTree = "<group>";
		};
		483DDF992BFBB194007677A1 /* Review Detail */ = {
			isa = PBXGroup;
			children = (
				483DDF9A2BFBB1A9007677A1 /* ReviewDetailView.swift */,
				483DDF9C2BFBB1BA007677A1 /* ReviewDetail+ViewModel.swift */,
			);
			path = "Review Detail";
			sourceTree = "<group>";
		};
		483DDFA22BFE478F007677A1 /* Filters */ = {
			isa = PBXGroup;
			children = (
				483DDFA32BFE47B4007677A1 /* FiltersView.swift */,
				48B381C62C03AE680015FD38 /* Filters+ViewModel.swift */,
			);
			path = Filters;
			sourceTree = "<group>";
		};
		4846E8672BF7982400D7ADAB /* Crew */ = {
			isa = PBXGroup;
			children = (
				4846E8682BF7986100D7ADAB /* MediaCrewView.swift */,
				4846E8652BF7968300D7ADAB /* MediaCrewCellView.swift */,
			);
			path = Crew;
			sourceTree = "<group>";
		};
		4846E86E2BF8C11000D7ADAB /* Seasons Carousel */ = {
			isa = PBXGroup;
			children = (
				4846E86F2BF8C11F00D7ADAB /* SeasonsCarouselView.swift */,
				4846E8712BF8C12B00D7ADAB /* SeasonCellView.swift */,
			);
			path = "Seasons Carousel";
			sourceTree = "<group>";
		};
		48609A0C2C0FAB2B00289E35 /* Watch Providers */ = {
			isa = PBXGroup;
			children = (
				481B4EC62C11B801003D1DEB /* ProviderType.swift */,
				48609A0D2C0FAB3D00289E35 /* WatchProviderList.swift */,
				48609A112C0FAC8C00289E35 /* WatchInfo.swift */,
				48609A0F2C0FAC8200289E35 /* ProviderInfo.swift */,
			);
			path = "Watch Providers";
			sourceTree = "<group>";
		};
		48609A132C10A90B00289E35 /* Provider Carousel */ = {
			isa = PBXGroup;
			children = (
				48609A142C10A92A00289E35 /* ProviderCarouselView.swift */,
				48609A162C10A93300289E35 /* ProviderCarouselCellView.swift */,
			);
			path = "Provider Carousel";
			sourceTree = "<group>";
		};
		488A64502BFA40A800C5471A /* Save Media Stack */ = {
			isa = PBXGroup;
			children = (
				488A644E2BFA409C00C5471A /* SaveMediaStackView.swift */,
				488A64512BFA40DB00C5471A /* SaveMediaButtonView.swift */,
			);
			path = "Save Media Stack";
			sourceTree = "<group>";
		};
		48A309062BF503C900F1733C = {
			isa = PBXGroup;
			children = (
				48A309112BF503C900F1733C /* Movie Radar */,
				48A309222BF503CB00F1733C /* Movie RadarTests */,
				48A3092C2BF503CB00F1733C /* Movie RadarUITests */,
				48A309102BF503C900F1733C /* Products */,
			);
			sourceTree = "<group>";
		};
		48A309102BF503C900F1733C /* Products */ = {
			isa = PBXGroup;
			children = (
				48A3090F2BF503C900F1733C /* Movie Radar.app */,
				48A3091F2BF503CB00F1733C /* Movie RadarTests.xctest */,
				48A309292BF503CB00F1733C /* Movie RadarUITests.xctest */,
			);
			name = Products;
			sourceTree = "<group>";
		};
		48A309112BF503C900F1733C /* Movie Radar */ = {
			isa = PBXGroup;
			children = (
				48A309122BF503C900F1733C /* Movie_RadarApp.swift */,
				48A309462BF5040700F1733C /* Common */,
				48A309922BF5041900F1733C /* Modules */,
				48A309DD2BF5044400F1733C /* Models */,
				48A309E42BF5044400F1733C /* Services */,
				48A309FA2BF5044E00F1733C /* Resources */,
				48A309182BF503CB00F1733C /* Preview Content */,
			);
			path = "Movie Radar";
			sourceTree = "<group>";
		};
		48A309182BF503CB00F1733C /* Preview Content */ = {
			isa = PBXGroup;
			children = (
				48A309192BF503CB00F1733C /* Preview Assets.xcassets */,
			);
			path = "Preview Content";
			sourceTree = "<group>";
		};
		48A309222BF503CB00F1733C /* Movie RadarTests */ = {
			isa = PBXGroup;
			children = (
				48A309232BF503CB00F1733C /* Movie_RadarTests.swift */,
			);
			path = "Movie RadarTests";
			sourceTree = "<group>";
		};
		48A3092C2BF503CB00F1733C /* Movie RadarUITests */ = {
			isa = PBXGroup;
			children = (
				48A3092D2BF503CB00F1733C /* Movie_RadarUITests.swift */,
				48A3092F2BF503CB00F1733C /* Movie_RadarUITestsLaunchTests.swift */,
			);
			path = "Movie RadarUITests";
			sourceTree = "<group>";
		};
		48A309422BF5040700F1733C /* Components */ = {
			isa = PBXGroup;
			children = (
				483C09A02C19BAED00258E71 /* ImageCache.swift */,
				483C09A22C19EFBE00258E71 /* ImageLoader.swift */,
				48A3093C2BF5040700F1733C /* ActivityView.swift */,
				48A3093D2BF5040700F1733C /* AppGradient.swift */,
				48A3093E2BF5040700F1733C /* AppIcon.swift */,
				48A3093F2BF5040700F1733C /* HeaderText.swift */,
				48A309402BF5040700F1733C /* NoDataAvailableView.swift */,
				48A309412BF5040700F1733C /* PlaceholderView.swift */,
				4846E86A2BF7A31000D7ADAB /* MediaContextMenu.swift */,
				4846E8772BF8F14C00D7ADAB /* TabViewHeader.swift */,
				48F562D72C15BC5A0019DF20 /* ScrollOffsetPreferenceKey.swift */,
				481B4ECC2C136170003D1DEB /* Toast */,
				48181E362C0CD9940067D5CB /* PlaceholderStyle.swift */,
			);
			path = Components;
			sourceTree = "<group>";
		};
		48A309452BF5040700F1733C /* Extensions */ = {
			isa = PBXGroup;
			children = (
				48A309432BF5040700F1733C /* Colors.swift */,
				48A309442BF5040700F1733C /* View.swift */,
				48F562D12C14D8BE0019DF20 /* Int.swift */,
			);
			path = Extensions;
			sourceTree = "<group>";
		};
		48A309462BF5040700F1733C /* Common */ = {
			isa = PBXGroup;
			children = (
				48A309422BF5040700F1733C /* Components */,
				48A309452BF5040700F1733C /* Extensions */,
			);
			path = Common;
			sourceTree = "<group>";
		};
		48A309512BF5041900F1733C /* Saved */ = {
			isa = PBXGroup;
			children = (
				48A309502BF5041900F1733C /* SavedMediaView.swift */,
				48A3094F2BF5041900F1733C /* SavedMedia+ViewModel.swift */,
				48B8B2BF2BF92168002276C7 /* Saved Media Grid */,
			);
			path = Saved;
			sourceTree = "<group>";
		};
		48A309552BF5041900F1733C /* Media Carousel */ = {
			isa = PBXGroup;
			children = (
				48A309542BF5041900F1733C /* MediaCarouselView.swift */,
				48A309522BF5041900F1733C /* MediaCarouselCellView.swift */,
				48A309532BF5041900F1733C /* MediaCarouselType.swift */,
			);
			path = "Media Carousel";
			sourceTree = "<group>";
		};
		48A309582BF5041900F1733C /* Genre Selector */ = {
			isa = PBXGroup;
			children = (
				48A309562BF5041900F1733C /* GenreSelectorCellView.swift */,
				48A309572BF5041900F1733C /* GenreSelectorView.swift */,
			);
			path = "Genre Selector";
			sourceTree = "<group>";
		};
		48A3095F2BF5041900F1733C /* Media Grid */ = {
			isa = PBXGroup;
			children = (
				48A309582BF5041900F1733C /* Genre Selector */,
				48A309592BF5041900F1733C /* DiscoverMediaGridView.swift */,
				48A3095A2BF5041900F1733C /* GridPlaceholderView.swift */,
				48A3095B2BF5041900F1733C /* GridCellView.swift */,
				48A3095C2BF5041900F1733C /* GridView.swift */,
				48A3095D2BF5041900F1733C /* SearchBar.swift */,
				48A3095E2BF5041900F1733C /* SortSelectorView.swift */,
			);
			path = "Media Grid";
			sourceTree = "<group>";
		};
		48A309622BF5041900F1733C /* Home */ = {
			isa = PBXGroup;
			children = (
				48289DE22BF5084B00C7F68B /* MainHomeView.swift */,
				48A309612BF5041900F1733C /* HomeContentView.swift */,
				48A309602BF5041900F1733C /* HomeContent+ViewModel.swift */,
				48A309552BF5041900F1733C /* Media Carousel */,
				48A3095F2BF5041900F1733C /* Media Grid */,
			);
			path = Home;
			sourceTree = "<group>";
		};
		48A309652BF5041900F1733C /* Image Detail */ = {
			isa = PBXGroup;
			children = (
				48A309632BF5041900F1733C /* ImageDetail+ViewModel.swift */,
				48A309642BF5041900F1733C /* ImageDetailView.swift */,
			);
			path = "Image Detail";
			sourceTree = "<group>";
		};
		48A309682BF5041900F1733C /* Actor Carousel */ = {
			isa = PBXGroup;
			children = (
				48A309662BF5041900F1733C /* ActorCarouselCellView.swift */,
				48A309672BF5041900F1733C /* ActorCarouselView.swift */,
			);
			path = "Actor Carousel";
			sourceTree = "<group>";
		};
		48A3096B2BF5041900F1733C /* Genre Carousel */ = {
			isa = PBXGroup;
			children = (
				48A309692BF5041900F1733C /* GenreCarouselView.swift */,
				48A3096A2BF5041900F1733C /* GenreCellView.swift */,
			);
			path = "Genre Carousel";
			sourceTree = "<group>";
		};
		48A3096E2BF5041900F1733C /* Image Carousel */ = {
			isa = PBXGroup;
			children = (
				48A3096C2BF5041900F1733C /* ImageCarouselCellView.swift */,
				48A3096D2BF5041900F1733C /* ImageCarouselView.swift */,
			);
			path = "Image Carousel";
			sourceTree = "<group>";
		};
		48A309712BF5041900F1733C /* Recommendations Carousel */ = {
			isa = PBXGroup;
			children = (
				48A3096F2BF5041900F1733C /* RecommendationsCarouselCellView.swift */,
				48A309702BF5041900F1733C /* RecommendationsCarouselView.swift */,
			);
			path = "Recommendations Carousel";
			sourceTree = "<group>";
		};
		48A309742BF5041900F1733C /* Reviews Carousel */ = {
			isa = PBXGroup;
			children = (
				48A309722BF5041900F1733C /* ReviewCarouselCellView.swift */,
				48A309732BF5041900F1733C /* ReviewCarouselView.swift */,
			);
			path = "Reviews Carousel";
			sourceTree = "<group>";
		};
		48A309772BF5041900F1733C /* Social Network Carousel */ = {
			isa = PBXGroup;
			children = (
				48A309752BF5041900F1733C /* LinksCarouselCellView.swift */,
				48A309762BF5041900F1733C /* LinksCarouselView.swift */,
			);
			path = "Social Network Carousel";
			sourceTree = "<group>";
		};
		48A3097E2BF5041900F1733C /* Media Detail */ = {
			isa = PBXGroup;
			children = (
				48A3097C2BF5041900F1733C /* MediaDetailView.swift */,
				48A309792BF5041900F1733C /* MediaDetail+ViewModel.swift */,
				48A3097B2BF5041900F1733C /* MediaDetailHeaderView.swift */,
				48F562D52C15A6D10019DF20 /* MediaTopMenuView.swift */,
				48A3097A2BF5041900F1733C /* MediaDetailBodyView.swift */,
				48A309782BF5041900F1733C /* MediaDescriptionView.swift */,
				488A64502BFA40A800C5471A /* Save Media Stack */,
				4846E86E2BF8C11000D7ADAB /* Seasons Carousel */,
				48A309682BF5041900F1733C /* Actor Carousel */,
				48A3096B2BF5041900F1733C /* Genre Carousel */,
				48A3096E2BF5041900F1733C /* Image Carousel */,
				48A309712BF5041900F1733C /* Recommendations Carousel */,
				48A309742BF5041900F1733C /* Reviews Carousel */,
				48609A132C10A90B00289E35 /* Provider Carousel */,
				48A309772BF5041900F1733C /* Social Network Carousel */,
				4846E8672BF7982400D7ADAB /* Crew */,
			);
			path = "Media Detail";
			sourceTree = "<group>";
		};
		48A309842BF5041900F1733C /* Person Detail */ = {
			isa = PBXGroup;
			children = (
				48A3097F2BF5041900F1733C /* PersonDetail+ViewModel.swift */,
				48A309802BF5041900F1733C /* PersonDetailView.swift */,
				48A309812BF5041900F1733C /* PersonCarouselCellView.swift */,
				48A309822BF5041900F1733C /* PersonCarouselView.swift */,
				48A309832BF5041900F1733C /* PersonHeaderView.swift */,
			);
			path = "Person Detail";
			sourceTree = "<group>";
		};
		48A3098F2BF5041900F1733C /* Settings */ = {
			isa = PBXGroup;
			children = (
				48A309872BF5041900F1733C /* AppIconPickerView.swift */,
				48A309882BF5041900F1733C /* AppThemePickerView.swift */,
				48A309892BF5041900F1733C /* AppVersionView.swift */,
				48A3098A2BF5041900F1733C /* ContactView.swift */,
				48A3098B2BF5041900F1733C /* RateView.swift */,
				48A3098C2BF5041900F1733C /* Settings+ViewModel.swift */,
				48A3098D2BF5041900F1733C /* SettingsView.swift */,
				48A3098E2BF5041900F1733C /* DataProvidersView.swift */,
			);
			path = Settings;
			sourceTree = "<group>";
		};
		48A309912BF5041900F1733C /* Tab Bar */ = {
			isa = PBXGroup;
			children = (
				48A309902BF5041900F1733C /* MainTabView.swift */,
				485E80092C08CFD20042ED4C /* NoInternetPopUpView.swift */,
			);
			path = "Tab Bar";
			sourceTree = "<group>";
		};
		48A309922BF5041900F1733C /* Modules */ = {
			isa = PBXGroup;
			children = (
				48F87F902C15D1BA00A3C7A9 /* Launch */,
				48A309912BF5041900F1733C /* Tab Bar */,
				48A309622BF5041900F1733C /* Home */,
				48A309652BF5041900F1733C /* Image Detail */,
				48A3097E2BF5041900F1733C /* Media Detail */,
				483DDF992BFBB194007677A1 /* Review Detail */,
				48A309842BF5041900F1733C /* Person Detail */,
				48A309512BF5041900F1733C /* Saved */,
				482393592C09AD8800E7DB24 /* User Lists */,
				483DDFA22BFE478F007677A1 /* Filters */,
				48A3098F2BF5041900F1733C /* Settings */,
			);
			path = Modules;
			sourceTree = "<group>";
		};
		48A309C62BF5044400F1733C /* Local */ = {
			isa = PBXGroup;
			children = (
				48A309C52BF5044400F1733C /* LocalStorage.swift */,
			);
			path = Local;
			sourceTree = "<group>";
		};
		48A309C92BF5044400F1733C /* Genre */ = {
			isa = PBXGroup;
			children = (
				48A309C72BF5044400F1733C /* Genre.swift */,
				48A309C82BF5044400F1733C /* GenreList.swift */,
			);
			path = Genre;
			sourceTree = "<group>";
		};
		48A309CC2BF5044400F1733C /* Images */ = {
			isa = PBXGroup;
			children = (
				48A309CA2BF5044400F1733C /* ImageList.swift */,
				48A309CB2BF5044400F1733C /* MediaImage.swift */,
				4846E8752BF8CC8E00D7ADAB /* ImageData.swift */,
			);
			path = Images;
			sourceTree = "<group>";
		};
		48A309CF2BF5044400F1733C /* Link */ = {
			isa = PBXGroup;
			children = (
				48A309CD2BF5044400F1733C /* Link.swift */,
				48A309CE2BF5044400F1733C /* LinkList.swift */,
			);
			path = Link;
			sourceTree = "<group>";
		};
		48A309D32BF5044400F1733C /* Media */ = {
			isa = PBXGroup;
			children = (
				48F38BFF2BF6868A003F0CD0 /* MediaType.swift */,
				48A309D02BF5044400F1733C /* MovieGridSortType.swift */,
				48F38C012BF69A96003F0CD0 /* SeriesGridSortType.swift */,
				48A309D12BF5044400F1733C /* Media.swift */,
				48B8B2C92BF927FE002276C7 /* SavedMedia.swift */,
				48A309D22BF5044400F1733C /* MediaList.swift */,
				4846E86C2BF8C0B700D7ADAB /* Season.swift */,
				4846E8732BF8C49700D7ADAB /* GenericCrew.swift */,
				48F87F932C15D43800A3C7A9 /* VideoList.swift */,
			);
			path = Media;
			sourceTree = "<group>";
		};
		48A309D92BF5044400F1733C /* Person */ = {
			isa = PBXGroup;
			children = (
				48A309D42BF5044400F1733C /* Cast.swift */,
				48A309D52BF5044400F1733C /* Credits.swift */,
				48A309D62BF5044400F1733C /* Person.swift */,
				48A309D72BF5044400F1733C /* PersonMedia.swift */,
				48A309D82BF5044400F1733C /* PersonMediaList.swift */,
			);
			path = Person;
			sourceTree = "<group>";
		};
		48A309DC2BF5044400F1733C /* Review */ = {
			isa = PBXGroup;
			children = (
				48A309DA2BF5044400F1733C /* Review.swift */,
				48A309DB2BF5044400F1733C /* ReviewList.swift */,
			);
			path = Review;
			sourceTree = "<group>";
		};
		48A309DD2BF5044400F1733C /* Models */ = {
			isa = PBXGroup;
			children = (
				4846E87F2BF8F4CE00D7ADAB /* SavedType.swift */,
				48A49B372C09C2B600E94E3B /* User List */,
				48A309C92BF5044400F1733C /* Genre */,
				48A309CC2BF5044400F1733C /* Images */,
				48A309CF2BF5044400F1733C /* Link */,
				48609A0C2C0FAB2B00289E35 /* Watch Providers */,
				48A309D32BF5044400F1733C /* Media */,
				48A309D92BF5044400F1733C /* Person */,
				48A309DC2BF5044400F1733C /* Review */,
			);
			path = Models;
			sourceTree = "<group>";
		};
		48A309E22BF5044400F1733C /* Requests */ = {
			isa = PBXGroup;
			children = (
				48A309DE2BF5044400F1733C /* APIService.swift */,
				48A309DF2BF5044400F1733C /* APIService+Endpoints.swift */,
				48A309E12BF5044400F1733C /* PathBuilder.swift */,
			);
			path = Requests;
			sourceTree = "<group>";
		};
		48A309E42BF5044400F1733C /* Services */ = {
			isa = PBXGroup;
			children = (
				482FBAF02C08C1AC005DA9F4 /* NetworkMonitor.swift */,
				48A309E22BF5044400F1733C /* Requests */,
				48A309C62BF5044400F1733C /* Local */,
			);
			path = Services;
			sourceTree = "<group>";
		};
		48A309FA2BF5044E00F1733C /* Resources */ = {
			isa = PBXGroup;
			children = (
				48A309162BF503CB00F1733C /* Assets.xcassets */,
				48F562D32C14DCAB0019DF20 /* Keys.plist */,
				48A309FB2BF5051000F1733C /* Localizable.xcstrings */,
			);
			path = Resources;
			sourceTree = "<group>";
		};
		48A49B372C09C2B600E94E3B /* User List */ = {
			isa = PBXGroup;
			children = (
				4823935C2C09AE3A00E7DB24 /* UserList.swift */,
				48181E342C0CBCFF0067D5CB /* ColorInfo.swift */,
				48A49B382C09C2C600E94E3B /* UserListType.swift */,
			);
			path = "User List";
			sourceTree = "<group>";
		};
		48B8B2BF2BF92168002276C7 /* Saved Media Grid */ = {
			isa = PBXGroup;
			children = (
				4846E87B2BF8F31200D7ADAB /* SavedMediaGridView.swift */,
			);
			path = "Saved Media Grid";
			sourceTree = "<group>";
		};
		48F87F902C15D1BA00A3C7A9 /* Launch */ = {
			isa = PBXGroup;
			children = (
				48F87F912C15D1C400A3C7A9 /* LaunchView.swift */,
			);
			path = Launch;
			sourceTree = "<group>";
		};
/* End PBXGroup section */

/* Begin PBXNativeTarget section */
		48A3090E2BF503C900F1733C /* Movie Radar */ = {
			isa = PBXNativeTarget;
			buildConfigurationList = 48A309332BF503CB00F1733C /* Build configuration list for PBXNativeTarget "Movie Radar" */;
			buildPhases = (
				48A3090B2BF503C900F1733C /* Sources */,
				48A3090C2BF503C900F1733C /* Frameworks */,
				48A3090D2BF503C900F1733C /* Resources */,
			);
			buildRules = (
			);
			dependencies = (
			);
			name = "Movie Radar";
			packageProductDependencies = (
				48C544D52C0C54BF00AE6517 /* SFSymbolsPicker */,
			);
			productName = "Movie Radar";
			productReference = 48A3090F2BF503C900F1733C /* Movie Radar.app */;
			productType = "com.apple.product-type.application";
		};
		48A3091E2BF503CB00F1733C /* Movie RadarTests */ = {
			isa = PBXNativeTarget;
			buildConfigurationList = 48A309362BF503CB00F1733C /* Build configuration list for PBXNativeTarget "Movie RadarTests" */;
			buildPhases = (
				48A3091B2BF503CB00F1733C /* Sources */,
				48A3091C2BF503CB00F1733C /* Frameworks */,
				48A3091D2BF503CB00F1733C /* Resources */,
			);
			buildRules = (
			);
			dependencies = (
				48A309212BF503CB00F1733C /* PBXTargetDependency */,
			);
			name = "Movie RadarTests";
			productName = "Movie RadarTests";
			productReference = 48A3091F2BF503CB00F1733C /* Movie RadarTests.xctest */;
			productType = "com.apple.product-type.bundle.unit-test";
		};
		48A309282BF503CB00F1733C /* Movie RadarUITests */ = {
			isa = PBXNativeTarget;
			buildConfigurationList = 48A309392BF503CB00F1733C /* Build configuration list for PBXNativeTarget "Movie RadarUITests" */;
			buildPhases = (
				48A309252BF503CB00F1733C /* Sources */,
				48A309262BF503CB00F1733C /* Frameworks */,
				48A309272BF503CB00F1733C /* Resources */,
			);
			buildRules = (
			);
			dependencies = (
				48A3092B2BF503CB00F1733C /* PBXTargetDependency */,
			);
			name = "Movie RadarUITests";
			productName = "Movie RadarUITests";
			productReference = 48A309292BF503CB00F1733C /* Movie RadarUITests.xctest */;
			productType = "com.apple.product-type.bundle.ui-testing";
		};
/* End PBXNativeTarget section */

/* Begin PBXProject section */
		48A309072BF503C900F1733C /* Project object */ = {
			isa = PBXProject;
			attributes = {
				BuildIndependentTargetsInParallel = 1;
				LastSwiftUpdateCheck = 1530;
				LastUpgradeCheck = 1530;
				TargetAttributes = {
					48A3090E2BF503C900F1733C = {
						CreatedOnToolsVersion = 15.3;
					};
					48A3091E2BF503CB00F1733C = {
						CreatedOnToolsVersion = 15.3;
						TestTargetID = 48A3090E2BF503C900F1733C;
					};
					48A309282BF503CB00F1733C = {
						CreatedOnToolsVersion = 15.3;
						TestTargetID = 48A3090E2BF503C900F1733C;
					};
				};
			};
			buildConfigurationList = 48A3090A2BF503C900F1733C /* Build configuration list for PBXProject "Movie Radar" */;
			compatibilityVersion = "Xcode 14.0";
			developmentRegion = en;
			hasScannedForEncodings = 0;
			knownRegions = (
				en,
				Base,
				es,
			);
			mainGroup = 48A309062BF503C900F1733C;
			packageReferences = (
				486AB34B2C06138500F80289 /* XCRemoteSwiftPackageReference "AlertToast" */,
				48C544D42C0C54BF00AE6517 /* XCRemoteSwiftPackageReference "SFSymbolsPickerForSwiftUI" */,
			);
			productRefGroup = 48A309102BF503C900F1733C /* Products */;
			projectDirPath = "";
			projectRoot = "";
			targets = (
				48A3090E2BF503C900F1733C /* Movie Radar */,
				48A3091E2BF503CB00F1733C /* Movie RadarTests */,
				48A309282BF503CB00F1733C /* Movie RadarUITests */,
			);
		};
/* End PBXProject section */

/* Begin PBXResourcesBuildPhase section */
		48A3090D2BF503C900F1733C /* Resources */ = {
			isa = PBXResourcesBuildPhase;
			buildActionMask = 2147483647;
			files = (
				48F562D42C14DCAC0019DF20 /* Keys.plist in Resources */,
				48A3091A2BF503CB00F1733C /* Preview Assets.xcassets in Resources */,
				48A309172BF503CB00F1733C /* Assets.xcassets in Resources */,
				48A309FC2BF5051000F1733C /* Localizable.xcstrings in Resources */,
			);
			runOnlyForDeploymentPostprocessing = 0;
		};
		48A3091D2BF503CB00F1733C /* Resources */ = {
			isa = PBXResourcesBuildPhase;
			buildActionMask = 2147483647;
			files = (
			);
			runOnlyForDeploymentPostprocessing = 0;
		};
		48A309272BF503CB00F1733C /* Resources */ = {
			isa = PBXResourcesBuildPhase;
			buildActionMask = 2147483647;
			files = (
			);
			runOnlyForDeploymentPostprocessing = 0;
		};
/* End PBXResourcesBuildPhase section */

/* Begin PBXSourcesBuildPhase section */
		48A3090B2BF503C900F1733C /* Sources */ = {
			isa = PBXSourcesBuildPhase;
			buildActionMask = 2147483647;
			files = (
				4846E86B2BF7A31000D7ADAB /* MediaContextMenu.swift in Sources */,
				486AB3512C062D8100F80289 /* ToastInfo.swift in Sources */,
				48A309EC2BF5044400F1733C /* MovieGridSortType.swift in Sources */,
				48A309A22BF5041900F1733C /* ImageDetail+ViewModel.swift in Sources */,
				48F562D62C15A6D10019DF20 /* MediaTopMenuView.swift in Sources */,
				48A309EF2BF5044400F1733C /* Cast.swift in Sources */,
				48A309EB2BF5044400F1733C /* LinkList.swift in Sources */,
				48A309942BF5041900F1733C /* SavedMediaView.swift in Sources */,
				483DDF9D2BFBB1BA007677A1 /* ReviewDetail+ViewModel.swift in Sources */,
				48A309F12BF5044400F1733C /* Person.swift in Sources */,
				48A309132BF503C900F1733C /* Movie_RadarApp.swift in Sources */,
				483DDFA42BFE47B4007677A1 /* FiltersView.swift in Sources */,
				4846E86D2BF8C0B700D7ADAB /* Season.swift in Sources */,
				48F87F922C15D1C400A3C7A9 /* LaunchView.swift in Sources */,
				48C544DA2C0C7EAB00AE6517 /* CreateListView.swift in Sources */,
				48A309B62BF5041900F1733C /* PersonDetail+ViewModel.swift in Sources */,
				4823935F2C09B67800E7DB24 /* UserListsCellView.swift in Sources */,
				48B381C72C03AE680015FD38 /* Filters+ViewModel.swift in Sources */,
				4846E8782BF8F14C00D7ADAB /* TabViewHeader.swift in Sources */,
				48A309C42BF5041900F1733C /* MainTabView.swift in Sources */,
				48A309A32BF5041900F1733C /* ImageDetailView.swift in Sources */,
				48A3094D2BF5040700F1733C /* Colors.swift in Sources */,
				48A309472BF5040700F1733C /* ActivityView.swift in Sources */,
				48181E352C0CBCFF0067D5CB /* ColorInfo.swift in Sources */,
				48C544DC2C0C818D00AE6517 /* UserLists+ViewModel.swift in Sources */,
				48A309492BF5040700F1733C /* AppIcon.swift in Sources */,
				48609A172C10A93300289E35 /* ProviderCarouselCellView.swift in Sources */,
				48A309F62BF5044400F1733C /* APIService.swift in Sources */,
				48A3099A2BF5041900F1733C /* DiscoverMediaGridView.swift in Sources */,
				48A309ED2BF5044400F1733C /* Media.swift in Sources */,
				4846E8722BF8C12B00D7ADAB /* SeasonCellView.swift in Sources */,
				48A309BA2BF5041900F1733C /* PersonHeaderView.swift in Sources */,
				48F38C002BF6868A003F0CD0 /* MediaType.swift in Sources */,
				4846E8762BF8CC8E00D7ADAB /* ImageData.swift in Sources */,
				48A309962BF5041900F1733C /* MediaCarouselType.swift in Sources */,
				48A309E92BF5044400F1733C /* MediaImage.swift in Sources */,
				48F38C022BF69A96003F0CD0 /* SeriesGridSortType.swift in Sources */,
				48289DE32BF5084B00C7F68B /* MainHomeView.swift in Sources */,
				48A309C32BF5041900F1733C /* DataProvidersView.swift in Sources */,
				485E800A2C08CFD20042ED4C /* NoInternetPopUpView.swift in Sources */,
				48A309E72BF5044400F1733C /* GenreList.swift in Sources */,
				48A309932BF5041900F1733C /* SavedMedia+ViewModel.swift in Sources */,
				483C09A12C19BAED00258E71 /* ImageCache.swift in Sources */,
				48A309AD2BF5041900F1733C /* ReviewCarouselView.swift in Sources */,
				48A309F72BF5044400F1733C /* APIService+Endpoints.swift in Sources */,
				48A309E82BF5044400F1733C /* ImageList.swift in Sources */,
				4846E8802BF8F4CE00D7ADAB /* SavedType.swift in Sources */,
				48B8B2CA2BF927FE002276C7 /* SavedMedia.swift in Sources */,
				48A309B02BF5041900F1733C /* MediaDescriptionView.swift in Sources */,
				48A309BC2BF5041900F1733C /* AppIconPickerView.swift in Sources */,
				48A309972BF5041900F1733C /* MediaCarouselView.swift in Sources */,
				48181E372C0CD9940067D5CB /* PlaceholderStyle.swift in Sources */,
				48A309C22BF5041900F1733C /* SettingsView.swift in Sources */,
				4846E8742BF8C49700D7ADAB /* GenericCrew.swift in Sources */,
				48A309E52BF5044400F1733C /* LocalStorage.swift in Sources */,
				481B4EC72C11B801003D1DEB /* ProviderType.swift in Sources */,
				48A309A62BF5041900F1733C /* GenreCarouselView.swift in Sources */,
				48A309EE2BF5044400F1733C /* MediaList.swift in Sources */,
				483C09A32C19EFBE00258E71 /* ImageLoader.swift in Sources */,
				48A3094B2BF5040700F1733C /* NoDataAvailableView.swift in Sources */,
				48609A102C0FAC8200289E35 /* ProviderInfo.swift in Sources */,
				48A3099C2BF5041900F1733C /* GridCellView.swift in Sources */,
				48A309B12BF5041900F1733C /* MediaDetail+ViewModel.swift in Sources */,
				48A309F42BF5044400F1733C /* Review.swift in Sources */,
				48A309A92BF5041900F1733C /* ImageCarouselView.swift in Sources */,
				48F562D22C14D8BE0019DF20 /* Int.swift in Sources */,
				4846E8702BF8C11F00D7ADAB /* SeasonsCarouselView.swift in Sources */,
				48A309AF2BF5041900F1733C /* LinksCarouselView.swift in Sources */,
				48A3099B2BF5041900F1733C /* GridPlaceholderView.swift in Sources */,
				48A309A82BF5041900F1733C /* ImageCarouselCellView.swift in Sources */,
				48A3094E2BF5040700F1733C /* View.swift in Sources */,
				48609A152C10A92A00289E35 /* ProviderCarouselView.swift in Sources */,
				48A309B92BF5041900F1733C /* PersonCarouselView.swift in Sources */,
				48A309A42BF5041900F1733C /* ActorCarouselCellView.swift in Sources */,
				4846E8662BF7968300D7ADAB /* MediaCrewCellView.swift in Sources */,
				48A309B32BF5041900F1733C /* MediaDetailHeaderView.swift in Sources */,
				48A3094A2BF5040700F1733C /* HeaderText.swift in Sources */,
				48A309BF2BF5041900F1733C /* ContactView.swift in Sources */,
				48A3099E2BF5041900F1733C /* SearchBar.swift in Sources */,
				48A309BD2BF5041900F1733C /* AppThemePickerView.swift in Sources */,
				48A3099F2BF5041900F1733C /* SortSelectorView.swift in Sources */,
				488A64522BFA40DB00C5471A /* SaveMediaButtonView.swift in Sources */,
				48F562D82C15BC5A0019DF20 /* ScrollOffsetPreferenceKey.swift in Sources */,
				48A309C12BF5041900F1733C /* Settings+ViewModel.swift in Sources */,
				48A3094C2BF5040700F1733C /* PlaceholderView.swift in Sources */,
				488A644F2BFA409C00C5471A /* SaveMediaStackView.swift in Sources */,
				48A309EA2BF5044400F1733C /* Link.swift in Sources */,
				48A309C02BF5041900F1733C /* RateView.swift in Sources */,
				48A309AA2BF5041900F1733C /* RecommendationsCarouselCellView.swift in Sources */,
				48C544D82C0C55D700AE6517 /* ListsView.swift in Sources */,
				48A3099D2BF5041900F1733C /* GridView.swift in Sources */,
				48A309B22BF5041900F1733C /* MediaDetailBodyView.swift in Sources */,
				48609A0E2C0FAB3D00289E35 /* WatchProviderList.swift in Sources */,
				48A309F22BF5044400F1733C /* PersonMedia.swift in Sources */,
				4823935D2C09AE3A00E7DB24 /* UserList.swift in Sources */,
				48A49B392C09C2C600E94E3B /* UserListType.swift in Sources */,
				48A309F02BF5044400F1733C /* Credits.swift in Sources */,
				48A309BE2BF5041900F1733C /* AppVersionView.swift in Sources */,
				48A309A52BF5041900F1733C /* ActorCarouselView.swift in Sources */,
				48A309B72BF5041900F1733C /* PersonDetailView.swift in Sources */,
				48609A122C0FAC8C00289E35 /* WatchInfo.swift in Sources */,
				481B4ECE2C13617C003D1DEB /* Toast.swift in Sources */,
				48A309F92BF5044400F1733C /* PathBuilder.swift in Sources */,
				48A309982BF5041900F1733C /* GenreSelectorCellView.swift in Sources */,
				48A309B82BF5041900F1733C /* PersonCarouselCellView.swift in Sources */,
				48A309AB2BF5041900F1733C /* RecommendationsCarouselView.swift in Sources */,
				48A309AC2BF5041900F1733C /* ReviewCarouselCellView.swift in Sources */,
				48A309A72BF5041900F1733C /* GenreCellView.swift in Sources */,
				4846E87C2BF8F31200D7ADAB /* SavedMediaGridView.swift in Sources */,
				48A309A02BF5041900F1733C /* HomeContent+ViewModel.swift in Sources */,
				48A309482BF5040700F1733C /* AppGradient.swift in Sources */,
				48A309B42BF5041900F1733C /* MediaDetailView.swift in Sources */,
				482FBAF12C08C1AC005DA9F4 /* NetworkMonitor.swift in Sources */,
				4846E8692BF7986100D7ADAB /* MediaCrewView.swift in Sources */,
				48A309F52BF5044400F1733C /* ReviewList.swift in Sources */,
				48A309E62BF5044400F1733C /* Genre.swift in Sources */,
				483DDF9B2BFBB1A9007677A1 /* ReviewDetailView.swift in Sources */,
				48A309F32BF5044400F1733C /* PersonMediaList.swift in Sources */,
				48F87F942C15D43800A3C7A9 /* VideoList.swift in Sources */,
				48A309A12BF5041900F1733C /* HomeContentView.swift in Sources */,
				48A309AE2BF5041900F1733C /* LinksCarouselCellView.swift in Sources */,
				48A309952BF5041900F1733C /* MediaCarouselCellView.swift in Sources */,
				48A309992BF5041900F1733C /* GenreSelectorView.swift in Sources */,
				4823935B2C09AD9F00E7DB24 /* UserListsView.swift in Sources */,
			);
			runOnlyForDeploymentPostprocessing = 0;
		};
		48A3091B2BF503CB00F1733C /* Sources */ = {
			isa = PBXSourcesBuildPhase;
			buildActionMask = 2147483647;
			files = (
				48A309242BF503CB00F1733C /* Movie_RadarTests.swift in Sources */,
			);
			runOnlyForDeploymentPostprocessing = 0;
		};
		48A309252BF503CB00F1733C /* Sources */ = {
			isa = PBXSourcesBuildPhase;
			buildActionMask = 2147483647;
			files = (
				48A309302BF503CB00F1733C /* Movie_RadarUITestsLaunchTests.swift in Sources */,
				48A3092E2BF503CB00F1733C /* Movie_RadarUITests.swift in Sources */,
			);
			runOnlyForDeploymentPostprocessing = 0;
		};
/* End PBXSourcesBuildPhase section */

/* Begin PBXTargetDependency section */
		48A309212BF503CB00F1733C /* PBXTargetDependency */ = {
			isa = PBXTargetDependency;
			target = 48A3090E2BF503C900F1733C /* Movie Radar */;
			targetProxy = 48A309202BF503CB00F1733C /* PBXContainerItemProxy */;
		};
		48A3092B2BF503CB00F1733C /* PBXTargetDependency */ = {
			isa = PBXTargetDependency;
			target = 48A3090E2BF503C900F1733C /* Movie Radar */;
			targetProxy = 48A3092A2BF503CB00F1733C /* PBXContainerItemProxy */;
		};
/* End PBXTargetDependency section */

/* Begin XCBuildConfiguration section */
		48A309312BF503CB00F1733C /* Debug */ = {
			isa = XCBuildConfiguration;
			buildSettings = {
				ALWAYS_SEARCH_USER_PATHS = NO;
				ASSETCATALOG_COMPILER_GENERATE_SWIFT_ASSET_SYMBOL_EXTENSIONS = YES;
				CLANG_ANALYZER_NONNULL = YES;
				CLANG_ANALYZER_NUMBER_OBJECT_CONVERSION = YES_AGGRESSIVE;
				CLANG_CXX_LANGUAGE_STANDARD = "gnu++20";
				CLANG_ENABLE_MODULES = YES;
				CLANG_ENABLE_OBJC_ARC = YES;
				CLANG_ENABLE_OBJC_WEAK = YES;
				CLANG_WARN_BLOCK_CAPTURE_AUTORELEASING = YES;
				CLANG_WARN_BOOL_CONVERSION = YES;
				CLANG_WARN_COMMA = YES;
				CLANG_WARN_CONSTANT_CONVERSION = YES;
				CLANG_WARN_DEPRECATED_OBJC_IMPLEMENTATIONS = YES;
				CLANG_WARN_DIRECT_OBJC_ISA_USAGE = YES_ERROR;
				CLANG_WARN_DOCUMENTATION_COMMENTS = YES;
				CLANG_WARN_EMPTY_BODY = YES;
				CLANG_WARN_ENUM_CONVERSION = YES;
				CLANG_WARN_INFINITE_RECURSION = YES;
				CLANG_WARN_INT_CONVERSION = YES;
				CLANG_WARN_NON_LITERAL_NULL_CONVERSION = YES;
				CLANG_WARN_OBJC_IMPLICIT_RETAIN_SELF = YES;
				CLANG_WARN_OBJC_LITERAL_CONVERSION = YES;
				CLANG_WARN_OBJC_ROOT_CLASS = YES_ERROR;
				CLANG_WARN_QUOTED_INCLUDE_IN_FRAMEWORK_HEADER = YES;
				CLANG_WARN_RANGE_LOOP_ANALYSIS = YES;
				CLANG_WARN_STRICT_PROTOTYPES = YES;
				CLANG_WARN_SUSPICIOUS_MOVE = YES;
				CLANG_WARN_UNGUARDED_AVAILABILITY = YES_AGGRESSIVE;
				CLANG_WARN_UNREACHABLE_CODE = YES;
				CLANG_WARN__DUPLICATE_METHOD_MATCH = YES;
				COPY_PHASE_STRIP = NO;
				DEBUG_INFORMATION_FORMAT = dwarf;
				ENABLE_STRICT_OBJC_MSGSEND = YES;
				ENABLE_TESTABILITY = YES;
				ENABLE_USER_SCRIPT_SANDBOXING = YES;
				GCC_C_LANGUAGE_STANDARD = gnu17;
				GCC_DYNAMIC_NO_PIC = NO;
				GCC_NO_COMMON_BLOCKS = YES;
				GCC_OPTIMIZATION_LEVEL = 0;
				GCC_PREPROCESSOR_DEFINITIONS = (
					"DEBUG=1",
					"$(inherited)",
				);
				GCC_WARN_64_TO_32_BIT_CONVERSION = YES;
				GCC_WARN_ABOUT_RETURN_TYPE = YES_ERROR;
				GCC_WARN_UNDECLARED_SELECTOR = YES;
				GCC_WARN_UNINITIALIZED_AUTOS = YES_AGGRESSIVE;
				GCC_WARN_UNUSED_FUNCTION = YES;
				GCC_WARN_UNUSED_VARIABLE = YES;
				IPHONEOS_DEPLOYMENT_TARGET = 17.4;
				LOCALIZATION_PREFERS_STRING_CATALOGS = YES;
				MTL_ENABLE_DEBUG_INFO = INCLUDE_SOURCE;
				MTL_FAST_MATH = YES;
				ONLY_ACTIVE_ARCH = YES;
				SDKROOT = iphoneos;
				SWIFT_ACTIVE_COMPILATION_CONDITIONS = "DEBUG $(inherited)";
				SWIFT_OPTIMIZATION_LEVEL = "-Onone";
			};
			name = Debug;
		};
		48A309322BF503CB00F1733C /* Release */ = {
			isa = XCBuildConfiguration;
			buildSettings = {
				ALWAYS_SEARCH_USER_PATHS = NO;
				ASSETCATALOG_COMPILER_GENERATE_SWIFT_ASSET_SYMBOL_EXTENSIONS = YES;
				CLANG_ANALYZER_NONNULL = YES;
				CLANG_ANALYZER_NUMBER_OBJECT_CONVERSION = YES_AGGRESSIVE;
				CLANG_CXX_LANGUAGE_STANDARD = "gnu++20";
				CLANG_ENABLE_MODULES = YES;
				CLANG_ENABLE_OBJC_ARC = YES;
				CLANG_ENABLE_OBJC_WEAK = YES;
				CLANG_WARN_BLOCK_CAPTURE_AUTORELEASING = YES;
				CLANG_WARN_BOOL_CONVERSION = YES;
				CLANG_WARN_COMMA = YES;
				CLANG_WARN_CONSTANT_CONVERSION = YES;
				CLANG_WARN_DEPRECATED_OBJC_IMPLEMENTATIONS = YES;
				CLANG_WARN_DIRECT_OBJC_ISA_USAGE = YES_ERROR;
				CLANG_WARN_DOCUMENTATION_COMMENTS = YES;
				CLANG_WARN_EMPTY_BODY = YES;
				CLANG_WARN_ENUM_CONVERSION = YES;
				CLANG_WARN_INFINITE_RECURSION = YES;
				CLANG_WARN_INT_CONVERSION = YES;
				CLANG_WARN_NON_LITERAL_NULL_CONVERSION = YES;
				CLANG_WARN_OBJC_IMPLICIT_RETAIN_SELF = YES;
				CLANG_WARN_OBJC_LITERAL_CONVERSION = YES;
				CLANG_WARN_OBJC_ROOT_CLASS = YES_ERROR;
				CLANG_WARN_QUOTED_INCLUDE_IN_FRAMEWORK_HEADER = YES;
				CLANG_WARN_RANGE_LOOP_ANALYSIS = YES;
				CLANG_WARN_STRICT_PROTOTYPES = YES;
				CLANG_WARN_SUSPICIOUS_MOVE = YES;
				CLANG_WARN_UNGUARDED_AVAILABILITY = YES_AGGRESSIVE;
				CLANG_WARN_UNREACHABLE_CODE = YES;
				CLANG_WARN__DUPLICATE_METHOD_MATCH = YES;
				COPY_PHASE_STRIP = NO;
				DEBUG_INFORMATION_FORMAT = "dwarf-with-dsym";
				ENABLE_NS_ASSERTIONS = NO;
				ENABLE_STRICT_OBJC_MSGSEND = YES;
				ENABLE_USER_SCRIPT_SANDBOXING = YES;
				GCC_C_LANGUAGE_STANDARD = gnu17;
				GCC_NO_COMMON_BLOCKS = YES;
				GCC_WARN_64_TO_32_BIT_CONVERSION = YES;
				GCC_WARN_ABOUT_RETURN_TYPE = YES_ERROR;
				GCC_WARN_UNDECLARED_SELECTOR = YES;
				GCC_WARN_UNINITIALIZED_AUTOS = YES_AGGRESSIVE;
				GCC_WARN_UNUSED_FUNCTION = YES;
				GCC_WARN_UNUSED_VARIABLE = YES;
				IPHONEOS_DEPLOYMENT_TARGET = 17.4;
				LOCALIZATION_PREFERS_STRING_CATALOGS = YES;
				MTL_ENABLE_DEBUG_INFO = NO;
				MTL_FAST_MATH = YES;
				SDKROOT = iphoneos;
				SWIFT_COMPILATION_MODE = wholemodule;
				VALIDATE_PRODUCT = YES;
			};
			name = Release;
		};
		48A309342BF503CB00F1733C /* Debug */ = {
			isa = XCBuildConfiguration;
			buildSettings = {
				ASSETCATALOG_COMPILER_APPICON_NAME = AppIcon;
				ASSETCATALOG_COMPILER_GLOBAL_ACCENT_COLOR_NAME = AccentColor;
				ASSETCATALOG_COMPILER_INCLUDE_ALL_APPICON_ASSETS = YES;
				CODE_SIGN_STYLE = Automatic;
				CURRENT_PROJECT_VERSION = 25;
				DEVELOPMENT_ASSET_PATHS = "\"Movie Radar/Preview Content\"";
				DEVELOPMENT_TEAM = 3BFY9G26SK;
				ENABLE_PREVIEWS = YES;
				GENERATE_INFOPLIST_FILE = YES;
				INFOPLIST_KEY_CFBundleDisplayName = "Showtime Hub";
				INFOPLIST_KEY_LSApplicationCategoryType = "public.app-category.entertainment";
				INFOPLIST_KEY_NSPhotoLibraryAddUsageDescription = "Download media images";
				INFOPLIST_KEY_UIApplicationSceneManifest_Generation = YES;
				INFOPLIST_KEY_UIApplicationSupportsIndirectInputEvents = YES;
				INFOPLIST_KEY_UILaunchScreen_Generation = YES;
				INFOPLIST_KEY_UIRequiresFullScreen = YES;
				INFOPLIST_KEY_UISupportedInterfaceOrientations = UIInterfaceOrientationPortrait;
				INFOPLIST_KEY_UIUserInterfaceStyle = Dark;
				IPHONEOS_DEPLOYMENT_TARGET = 17.0;
				LD_RUNPATH_SEARCH_PATHS = (
					"$(inherited)",
					"@executable_path/Frameworks",
				);
				MARKETING_VERSION = 1.2.2;
				PRODUCT_BUNDLE_IDENTIFIER = "Boizas.Showtime-Hub";
				PRODUCT_NAME = "$(TARGET_NAME)";
				SWIFT_EMIT_LOC_STRINGS = YES;
				SWIFT_VERSION = 5.0;
				TARGETED_DEVICE_FAMILY = "1,2";
			};
			name = Debug;
		};
		48A309352BF503CB00F1733C /* Release */ = {
			isa = XCBuildConfiguration;
			buildSettings = {
				ASSETCATALOG_COMPILER_APPICON_NAME = AppIcon;
				ASSETCATALOG_COMPILER_GLOBAL_ACCENT_COLOR_NAME = AccentColor;
				ASSETCATALOG_COMPILER_INCLUDE_ALL_APPICON_ASSETS = YES;
				CODE_SIGN_STYLE = Automatic;
				CURRENT_PROJECT_VERSION = 25;
				DEVELOPMENT_ASSET_PATHS = "\"Movie Radar/Preview Content\"";
				DEVELOPMENT_TEAM = 3BFY9G26SK;
				ENABLE_PREVIEWS = YES;
				GENERATE_INFOPLIST_FILE = YES;
				INFOPLIST_KEY_CFBundleDisplayName = "Showtime Hub";
				INFOPLIST_KEY_LSApplicationCategoryType = "public.app-category.entertainment";
				INFOPLIST_KEY_NSPhotoLibraryAddUsageDescription = "Download media images";
				INFOPLIST_KEY_UIApplicationSceneManifest_Generation = YES;
				INFOPLIST_KEY_UIApplicationSupportsIndirectInputEvents = YES;
				INFOPLIST_KEY_UILaunchScreen_Generation = YES;
				INFOPLIST_KEY_UIRequiresFullScreen = YES;
				INFOPLIST_KEY_UISupportedInterfaceOrientations = UIInterfaceOrientationPortrait;
				INFOPLIST_KEY_UIUserInterfaceStyle = Dark;
				IPHONEOS_DEPLOYMENT_TARGET = 17.0;
				LD_RUNPATH_SEARCH_PATHS = (
					"$(inherited)",
					"@executable_path/Frameworks",
				);
				MARKETING_VERSION = 1.2.2;
				PRODUCT_BUNDLE_IDENTIFIER = "Boizas.Showtime-Hub";
				PRODUCT_NAME = "$(TARGET_NAME)";
				SWIFT_EMIT_LOC_STRINGS = YES;
				SWIFT_VERSION = 5.0;
				TARGETED_DEVICE_FAMILY = "1,2";
			};
			name = Release;
		};
		48A309372BF503CB00F1733C /* Debug */ = {
			isa = XCBuildConfiguration;
			buildSettings = {
				ALWAYS_EMBED_SWIFT_STANDARD_LIBRARIES = YES;
				BUNDLE_LOADER = "$(TEST_HOST)";
				CODE_SIGN_STYLE = Automatic;
				CURRENT_PROJECT_VERSION = 25;
				DEVELOPMENT_TEAM = 3BFY9G26SK;
				GENERATE_INFOPLIST_FILE = YES;
				IPHONEOS_DEPLOYMENT_TARGET = 17.4;
				MARKETING_VERSION = 1.0;
				PRODUCT_BUNDLE_IDENTIFIER = "Boizas.Movie-RadarTests";
				PRODUCT_NAME = "$(TARGET_NAME)";
				SWIFT_EMIT_LOC_STRINGS = NO;
				SWIFT_VERSION = 5.0;
				TARGETED_DEVICE_FAMILY = "1,2";
				TEST_HOST = "$(BUILT_PRODUCTS_DIR)/Movie Radar.app/$(BUNDLE_EXECUTABLE_FOLDER_PATH)/Movie Radar";
			};
			name = Debug;
		};
		48A309382BF503CB00F1733C /* Release */ = {
			isa = XCBuildConfiguration;
			buildSettings = {
				ALWAYS_EMBED_SWIFT_STANDARD_LIBRARIES = YES;
				BUNDLE_LOADER = "$(TEST_HOST)";
				CODE_SIGN_STYLE = Automatic;
				CURRENT_PROJECT_VERSION = 25;
				DEVELOPMENT_TEAM = 3BFY9G26SK;
				GENERATE_INFOPLIST_FILE = YES;
				IPHONEOS_DEPLOYMENT_TARGET = 17.4;
				MARKETING_VERSION = 1.0;
				PRODUCT_BUNDLE_IDENTIFIER = "Boizas.Movie-RadarTests";
				PRODUCT_NAME = "$(TARGET_NAME)";
				SWIFT_EMIT_LOC_STRINGS = NO;
				SWIFT_VERSION = 5.0;
				TARGETED_DEVICE_FAMILY = "1,2";
				TEST_HOST = "$(BUILT_PRODUCTS_DIR)/Movie Radar.app/$(BUNDLE_EXECUTABLE_FOLDER_PATH)/Movie Radar";
			};
			name = Release;
		};
		48A3093A2BF503CB00F1733C /* Debug */ = {
			isa = XCBuildConfiguration;
			buildSettings = {
				ALWAYS_EMBED_SWIFT_STANDARD_LIBRARIES = YES;
				CODE_SIGN_STYLE = Automatic;
				CURRENT_PROJECT_VERSION = 25;
				DEVELOPMENT_TEAM = 3BFY9G26SK;
				GENERATE_INFOPLIST_FILE = YES;
				MARKETING_VERSION = 1.0;
				PRODUCT_BUNDLE_IDENTIFIER = "Boizas.Movie-RadarUITests";
				PRODUCT_NAME = "$(TARGET_NAME)";
				SWIFT_EMIT_LOC_STRINGS = NO;
				SWIFT_VERSION = 5.0;
				TARGETED_DEVICE_FAMILY = "1,2";
				TEST_TARGET_NAME = "Movie Radar";
			};
			name = Debug;
		};
		48A3093B2BF503CB00F1733C /* Release */ = {
			isa = XCBuildConfiguration;
			buildSettings = {
				ALWAYS_EMBED_SWIFT_STANDARD_LIBRARIES = YES;
				CODE_SIGN_STYLE = Automatic;
				CURRENT_PROJECT_VERSION = 25;
				DEVELOPMENT_TEAM = 3BFY9G26SK;
				GENERATE_INFOPLIST_FILE = YES;
				MARKETING_VERSION = 1.0;
				PRODUCT_BUNDLE_IDENTIFIER = "Boizas.Movie-RadarUITests";
				PRODUCT_NAME = "$(TARGET_NAME)";
				SWIFT_EMIT_LOC_STRINGS = NO;
				SWIFT_VERSION = 5.0;
				TARGETED_DEVICE_FAMILY = "1,2";
				TEST_TARGET_NAME = "Movie Radar";
			};
			name = Release;
		};
/* End XCBuildConfiguration section */

/* Begin XCConfigurationList section */
		48A3090A2BF503C900F1733C /* Build configuration list for PBXProject "Movie Radar" */ = {
			isa = XCConfigurationList;
			buildConfigurations = (
				48A309312BF503CB00F1733C /* Debug */,
				48A309322BF503CB00F1733C /* Release */,
			);
			defaultConfigurationIsVisible = 0;
			defaultConfigurationName = Release;
		};
		48A309332BF503CB00F1733C /* Build configuration list for PBXNativeTarget "Movie Radar" */ = {
			isa = XCConfigurationList;
			buildConfigurations = (
				48A309342BF503CB00F1733C /* Debug */,
				48A309352BF503CB00F1733C /* Release */,
			);
			defaultConfigurationIsVisible = 0;
			defaultConfigurationName = Release;
		};
		48A309362BF503CB00F1733C /* Build configuration list for PBXNativeTarget "Movie RadarTests" */ = {
			isa = XCConfigurationList;
			buildConfigurations = (
				48A309372BF503CB00F1733C /* Debug */,
				48A309382BF503CB00F1733C /* Release */,
			);
			defaultConfigurationIsVisible = 0;
			defaultConfigurationName = Release;
		};
		48A309392BF503CB00F1733C /* Build configuration list for PBXNativeTarget "Movie RadarUITests" */ = {
			isa = XCConfigurationList;
			buildConfigurations = (
				48A3093A2BF503CB00F1733C /* Debug */,
				48A3093B2BF503CB00F1733C /* Release */,
			);
			defaultConfigurationIsVisible = 0;
			defaultConfigurationName = Release;
		};
/* End XCConfigurationList section */

/* Begin XCRemoteSwiftPackageReference section */
		486AB34B2C06138500F80289 /* XCRemoteSwiftPackageReference "AlertToast" */ = {
			isa = XCRemoteSwiftPackageReference;
			repositoryURL = "https://github.com/elai950/AlertToast.git";
			requirement = {
				kind = upToNextMajorVersion;
				minimumVersion = 1.3.9;
			};
		};
		48C544D42C0C54BF00AE6517 /* XCRemoteSwiftPackageReference "SFSymbolsPickerForSwiftUI" */ = {
			isa = XCRemoteSwiftPackageReference;
			repositoryURL = "https://github.com/alessiorubicini/SFSymbolsPickerForSwiftUI.git";
			requirement = {
				kind = upToNextMajorVersion;
				minimumVersion = 1.0.6;
			};
		};
/* End XCRemoteSwiftPackageReference section */

/* Begin XCSwiftPackageProductDependency section */
		48C544D52C0C54BF00AE6517 /* SFSymbolsPicker */ = {
			isa = XCSwiftPackageProductDependency;
			package = 48C544D42C0C54BF00AE6517 /* XCRemoteSwiftPackageReference "SFSymbolsPickerForSwiftUI" */;
			productName = SFSymbolsPicker;
		};
/* End XCSwiftPackageProductDependency section */
	};
	rootObject = 48A309072BF503C900F1733C /* Project object */;
}
