// !$*UTF8*$!
{
	archiveVersion = 1;
	classes = {
	};
	objectVersion = 56;
	objects = {

/* Begin PBXBuildFile section */
		480098EE2BDEF34100E663B4 /* MovieCarouselType.swift in Sources */ = {isa = PBXBuildFile; fileRef = 480098ED2BDEF34100E663B4 /* MovieCarouselType.swift */; };
		4828DD672BDBF2C500AD86F0 /* LinearGradient.swift in Sources */ = {isa = PBXBuildFile; fileRef = 4828DD662BDBF2C500AD86F0 /* LinearGradient.swift */; };
		4828DD692BDBFA1200AD86F0 /* PlaceholderView.swift in Sources */ = {isa = PBXBuildFile; fileRef = 4828DD682BDBFA1200AD86F0 /* PlaceholderView.swift */; };
		4828DD6B2BDC44CA00AD86F0 /* GenreList.swift in Sources */ = {isa = PBXBuildFile; fileRef = 4828DD6A2BDC44CA00AD86F0 /* GenreList.swift */; };
		4828DD6D2BDC44D300AD86F0 /* Genre.swift in Sources */ = {isa = PBXBuildFile; fileRef = 4828DD6C2BDC44D300AD86F0 /* Genre.swift */; };
		48398F992BDE3DE600D16B52 /* TokenRequestView.swift in Sources */ = {isa = PBXBuildFile; fileRef = 48398F982BDE3DE600D16B52 /* TokenRequestView.swift */; };
		48398F9D2BDE6F6800D16B52 /* LocalStorage+Keychain.swift in Sources */ = {isa = PBXBuildFile; fileRef = 48398F9C2BDE6F6800D16B52 /* LocalStorage+Keychain.swift */; };
		48398F9F2BDE724B00D16B52 /* MainTab+ViewModel.swift in Sources */ = {isa = PBXBuildFile; fileRef = 48398F9E2BDE724B00D16B52 /* MainTab+ViewModel.swift */; };
		48398FA12BDE764700D16B52 /* TokenRequest+ViewModel.swift in Sources */ = {isa = PBXBuildFile; fileRef = 48398FA02BDE764700D16B52 /* TokenRequest+ViewModel.swift */; };
		483BBC7F2BD7DA0B002453C9 /* Movie_RadarApp.swift in Sources */ = {isa = PBXBuildFile; fileRef = 483BBC7E2BD7DA0B002453C9 /* Movie_RadarApp.swift */; };
		483BBC812BD7DA0B002453C9 /* MainTabView.swift in Sources */ = {isa = PBXBuildFile; fileRef = 483BBC802BD7DA0B002453C9 /* MainTabView.swift */; };
		483BBC832BD7DA0C002453C9 /* Assets.xcassets in Resources */ = {isa = PBXBuildFile; fileRef = 483BBC822BD7DA0C002453C9 /* Assets.xcassets */; };
		483BBC862BD7DA0C002453C9 /* Preview Assets.xcassets in Resources */ = {isa = PBXBuildFile; fileRef = 483BBC852BD7DA0C002453C9 /* Preview Assets.xcassets */; };
		483BBC902BD7DA0C002453C9 /* Movie_RadarTests.swift in Sources */ = {isa = PBXBuildFile; fileRef = 483BBC8F2BD7DA0C002453C9 /* Movie_RadarTests.swift */; };
		483BBC9A2BD7DA0D002453C9 /* Movie_RadarUITests.swift in Sources */ = {isa = PBXBuildFile; fileRef = 483BBC992BD7DA0D002453C9 /* Movie_RadarUITests.swift */; };
		483BBC9C2BD7DA0D002453C9 /* Movie_RadarUITestsLaunchTests.swift in Sources */ = {isa = PBXBuildFile; fileRef = 483BBC9B2BD7DA0D002453C9 /* Movie_RadarUITestsLaunchTests.swift */; };
		48432BD82BE234A900610AA9 /* DiscoverMoviesGridView.swift in Sources */ = {isa = PBXBuildFile; fileRef = 48432BD72BE234A900610AA9 /* DiscoverMoviesGridView.swift */; };
		484F59742BDCFFFF0079D470 /* View.swift in Sources */ = {isa = PBXBuildFile; fileRef = 484F59732BDCFFFF0079D470 /* View.swift */; };
		485FD2532BD7F6D900238336 /* MovieList.swift in Sources */ = {isa = PBXBuildFile; fileRef = 485FD2522BD7F6D900238336 /* MovieList.swift */; };
		485FD2552BD7F6FD00238336 /* Movie.swift in Sources */ = {isa = PBXBuildFile; fileRef = 485FD2542BD7F6FD00238336 /* Movie.swift */; };
		485FD2592BD7F86800238336 /* APIService.swift in Sources */ = {isa = PBXBuildFile; fileRef = 485FD2582BD7F86800238336 /* APIService.swift */; };
		485FD25B2BD7FCD800238336 /* PathBuilder.swift in Sources */ = {isa = PBXBuildFile; fileRef = 485FD25A2BD7FCD800238336 /* PathBuilder.swift */; };
		4868C35F2BE0DDF900A549B1 /* MovieActorCarouselView.swift in Sources */ = {isa = PBXBuildFile; fileRef = 4868C35E2BE0DDF900A549B1 /* MovieActorCarouselView.swift */; };
		4868C3612BE0DE3D00A549B1 /* MovieActorCarouselCellView.swift in Sources */ = {isa = PBXBuildFile; fileRef = 4868C3602BE0DE3D00A549B1 /* MovieActorCarouselCellView.swift */; };
		486AF0342BE271B5007794C4 /* RecommendationsCarouselView.swift in Sources */ = {isa = PBXBuildFile; fileRef = 486AF0332BE271B5007794C4 /* RecommendationsCarouselView.swift */; };
		486AF0362BE271D0007794C4 /* RecommendationsCarouselCellView.swift in Sources */ = {isa = PBXBuildFile; fileRef = 486AF0352BE271D0007794C4 /* RecommendationsCarouselCellView.swift */; };
		486AF0392BE27FC8007794C4 /* ReviewList.swift in Sources */ = {isa = PBXBuildFile; fileRef = 486AF0382BE27FC8007794C4 /* ReviewList.swift */; };
		486AF03B2BE27FCE007794C4 /* Review.swift in Sources */ = {isa = PBXBuildFile; fileRef = 486AF03A2BE27FCE007794C4 /* Review.swift */; };
		486AF03E2BE2811D007794C4 /* ReviewCarouselView.swift in Sources */ = {isa = PBXBuildFile; fileRef = 486AF03D2BE2811D007794C4 /* ReviewCarouselView.swift */; };
		486AF0402BE28127007794C4 /* ReviewCarouselCellView.swift in Sources */ = {isa = PBXBuildFile; fileRef = 486AF03F2BE28127007794C4 /* ReviewCarouselCellView.swift */; };
		487B97832BE1AF70006C947F /* MovieDetailHeaderView.swift in Sources */ = {isa = PBXBuildFile; fileRef = 487B97822BE1AF70006C947F /* MovieDetailHeaderView.swift */; };
		487B97852BE1AFE7006C947F /* MovieDetailBodyView.swift in Sources */ = {isa = PBXBuildFile; fileRef = 487B97842BE1AFE7006C947F /* MovieDetailBodyView.swift */; };
		4887DA182BE3741500780B3D /* MovieImage.swift in Sources */ = {isa = PBXBuildFile; fileRef = 4887DA172BE3741500780B3D /* MovieImage.swift */; };
		4887DA1A2BE3741E00780B3D /* ImageList.swift in Sources */ = {isa = PBXBuildFile; fileRef = 4887DA192BE3741E00780B3D /* ImageList.swift */; };
		4887DA1D2BE3756300780B3D /* ImageCarouselView.swift in Sources */ = {isa = PBXBuildFile; fileRef = 4887DA1C2BE3756300780B3D /* ImageCarouselView.swift */; };
		4887DA1F2BE3758600780B3D /* ImageCarouselCellView.swift in Sources */ = {isa = PBXBuildFile; fileRef = 4887DA1E2BE3758600780B3D /* ImageCarouselCellView.swift */; };
		4887DA212BE377E800780B3D /* MovieDescriptionView.swift in Sources */ = {isa = PBXBuildFile; fileRef = 4887DA202BE377E800780B3D /* MovieDescriptionView.swift */; };
		4896C4212BDEC0DB00E46C7D /* LocalStorage+UserDefaults.swift in Sources */ = {isa = PBXBuildFile; fileRef = 4896C4202BDEC0DB00E46C7D /* LocalStorage+UserDefaults.swift */; };
		4896C4232BDEC83300E46C7D /* GenreCellView.swift in Sources */ = {isa = PBXBuildFile; fileRef = 4896C4222BDEC83300E46C7D /* GenreCellView.swift */; };
		4896C4252BDEC89E00E46C7D /* GenreCarouselView.swift in Sources */ = {isa = PBXBuildFile; fileRef = 4896C4242BDEC89E00E46C7D /* GenreCarouselView.swift */; };
		489B1EC72BE2C6C5003C048E /* LinksCarouselView.swift in Sources */ = {isa = PBXBuildFile; fileRef = 489B1EC62BE2C6C5003C048E /* LinksCarouselView.swift */; };
		489B1EC92BE2C6D1003C048E /* LinksCarouselCellView.swift in Sources */ = {isa = PBXBuildFile; fileRef = 489B1EC82BE2C6D1003C048E /* LinksCarouselCellView.swift */; };
		489B1ECB2BE2C725003C048E /* LinkList.swift in Sources */ = {isa = PBXBuildFile; fileRef = 489B1ECA2BE2C725003C048E /* LinkList.swift */; };
		489B1ECE2BE2D493003C048E /* Link.swift in Sources */ = {isa = PBXBuildFile; fileRef = 489B1ECD2BE2D493003C048E /* Link.swift */; };
		48B012BD2BE42D12000BFA28 /* SearchBar.swift in Sources */ = {isa = PBXBuildFile; fileRef = 48B012BC2BE42D12000BFA28 /* SearchBar.swift */; };
		48C931A22BE0DA3900FF7D4D /* Credits.swift in Sources */ = {isa = PBXBuildFile; fileRef = 48C931A12BE0DA3900FF7D4D /* Credits.swift */; };
		48C931A42BE0DA5E00FF7D4D /* Cast.swift in Sources */ = {isa = PBXBuildFile; fileRef = 48C931A32BE0DA5E00FF7D4D /* Cast.swift */; };
		48F8C7E82BDCE22700EFB979 /* GenreSelectorView.swift in Sources */ = {isa = PBXBuildFile; fileRef = 48F8C7E72BDCE22700EFB979 /* GenreSelectorView.swift */; };
		48F8C7EA2BDCE7F200EFB979 /* HeaderText.swift in Sources */ = {isa = PBXBuildFile; fileRef = 48F8C7E92BDCE7F100EFB979 /* HeaderText.swift */; };
		48F8C7EC2BDCE96200EFB979 /* GenreSelectorCellView.swift in Sources */ = {isa = PBXBuildFile; fileRef = 48F8C7EB2BDCE96200EFB979 /* GenreSelectorCellView.swift */; };
		48FE82A32BDD20D300E2DF31 /* MovieGridView.swift in Sources */ = {isa = PBXBuildFile; fileRef = 48FE82A22BDD20D300E2DF31 /* MovieGridView.swift */; };
		48FE82A52BDD20E100E2DF31 /* MovieGridCellView.swift in Sources */ = {isa = PBXBuildFile; fileRef = 48FE82A42BDD20E100E2DF31 /* MovieGridCellView.swift */; };
		B50EBFF02BDB9A2300914327 /* MovieCarouselCellView.swift in Sources */ = {isa = PBXBuildFile; fileRef = B50EBFEF2BDB9A2300914327 /* MovieCarouselCellView.swift */; };
		B50EBFF82BDBE45B00914327 /* FavoriteButton.swift in Sources */ = {isa = PBXBuildFile; fileRef = B50EBFF72BDBE45B00914327 /* FavoriteButton.swift */; };
		B5169DF32BD7DFAA001E60E2 /* Localizable.xcstrings in Resources */ = {isa = PBXBuildFile; fileRef = B5169DF22BD7DFAA001E60E2 /* Localizable.xcstrings */; };
		B526ED802BD90B1500BD19C2 /* HomeView.swift in Sources */ = {isa = PBXBuildFile; fileRef = B526ED7F2BD90B1500BD19C2 /* HomeView.swift */; };
		B526ED822BD90B2500BD19C2 /* FavoritesView.swift in Sources */ = {isa = PBXBuildFile; fileRef = B526ED812BD90B2500BD19C2 /* FavoritesView.swift */; };
		B526ED852BD90BAF00BD19C2 /* SettingsView.swift in Sources */ = {isa = PBXBuildFile; fileRef = B526ED842BD90BAF00BD19C2 /* SettingsView.swift */; };
		B526ED872BD90CDA00BD19C2 /* Colors.swift in Sources */ = {isa = PBXBuildFile; fileRef = B526ED862BD90CDA00BD19C2 /* Colors.swift */; };
		B526ED8A2BD90EC800BD19C2 /* Home+ViewModel.swift in Sources */ = {isa = PBXBuildFile; fileRef = B526ED892BD90EC800BD19C2 /* Home+ViewModel.swift */; };
		B526ED8C2BD90ED400BD19C2 /* MovieDetailView.swift in Sources */ = {isa = PBXBuildFile; fileRef = B526ED8B2BD90ED400BD19C2 /* MovieDetailView.swift */; };
		B526ED8E2BD90EDD00BD19C2 /* MovieDetail+ViewModel.swift in Sources */ = {isa = PBXBuildFile; fileRef = B526ED8D2BD90EDD00BD19C2 /* MovieDetail+ViewModel.swift */; };
		B526ED902BD90EE600BD19C2 /* Settings+ViewModel.swift in Sources */ = {isa = PBXBuildFile; fileRef = B526ED8F2BD90EE600BD19C2 /* Settings+ViewModel.swift */; };
		B526ED922BD90EEF00BD19C2 /* Favorites+ViewModel.swift in Sources */ = {isa = PBXBuildFile; fileRef = B526ED912BD90EEF00BD19C2 /* Favorites+ViewModel.swift */; };
		B526ED942BD911AD00BD19C2 /* APIServiceMock.swift in Sources */ = {isa = PBXBuildFile; fileRef = B526ED932BD911AD00BD19C2 /* APIServiceMock.swift */; };
		B526ED982BD919B800BD19C2 /* APIService+Endpoints.swift in Sources */ = {isa = PBXBuildFile; fileRef = B526ED972BD919B800BD19C2 /* APIService+Endpoints.swift */; };
		B57D7E732BDF95F9002848E4 /* GridPlaceholderView.swift in Sources */ = {isa = PBXBuildFile; fileRef = B57D7E722BDF95F9002848E4 /* GridPlaceholderView.swift */; };
		B5CA51862BDA6D5200A87992 /* MovieCarouselView.swift in Sources */ = {isa = PBXBuildFile; fileRef = B5CA51852BDA6D5200A87992 /* MovieCarouselView.swift */; };
/* End PBXBuildFile section */

/* Begin PBXContainerItemProxy section */
		483BBC8C2BD7DA0C002453C9 /* PBXContainerItemProxy */ = {
			isa = PBXContainerItemProxy;
			containerPortal = 483BBC732BD7DA0B002453C9 /* Project object */;
			proxyType = 1;
			remoteGlobalIDString = 483BBC7A2BD7DA0B002453C9;
			remoteInfo = "Movie Radar";
		};
		483BBC962BD7DA0D002453C9 /* PBXContainerItemProxy */ = {
			isa = PBXContainerItemProxy;
			containerPortal = 483BBC732BD7DA0B002453C9 /* Project object */;
			proxyType = 1;
			remoteGlobalIDString = 483BBC7A2BD7DA0B002453C9;
			remoteInfo = "Movie Radar";
		};
/* End PBXContainerItemProxy section */

/* Begin PBXFileReference section */
		480098ED2BDEF34100E663B4 /* MovieCarouselType.swift */ = {isa = PBXFileReference; lastKnownFileType = sourcecode.swift; path = MovieCarouselType.swift; sourceTree = "<group>"; };
		4828DD662BDBF2C500AD86F0 /* LinearGradient.swift */ = {isa = PBXFileReference; lastKnownFileType = sourcecode.swift; path = LinearGradient.swift; sourceTree = "<group>"; };
		4828DD682BDBFA1200AD86F0 /* PlaceholderView.swift */ = {isa = PBXFileReference; lastKnownFileType = sourcecode.swift; path = PlaceholderView.swift; sourceTree = "<group>"; };
		4828DD6A2BDC44CA00AD86F0 /* GenreList.swift */ = {isa = PBXFileReference; lastKnownFileType = sourcecode.swift; path = GenreList.swift; sourceTree = "<group>"; };
		4828DD6C2BDC44D300AD86F0 /* Genre.swift */ = {isa = PBXFileReference; lastKnownFileType = sourcecode.swift; path = Genre.swift; sourceTree = "<group>"; };
		48398F982BDE3DE600D16B52 /* TokenRequestView.swift */ = {isa = PBXFileReference; lastKnownFileType = sourcecode.swift; path = TokenRequestView.swift; sourceTree = "<group>"; };
		48398F9C2BDE6F6800D16B52 /* LocalStorage+Keychain.swift */ = {isa = PBXFileReference; lastKnownFileType = sourcecode.swift; path = "LocalStorage+Keychain.swift"; sourceTree = "<group>"; };
		48398F9E2BDE724B00D16B52 /* MainTab+ViewModel.swift */ = {isa = PBXFileReference; lastKnownFileType = sourcecode.swift; path = "MainTab+ViewModel.swift"; sourceTree = "<group>"; };
		48398FA02BDE764700D16B52 /* TokenRequest+ViewModel.swift */ = {isa = PBXFileReference; lastKnownFileType = sourcecode.swift; path = "TokenRequest+ViewModel.swift"; sourceTree = "<group>"; };
		483BBC7B2BD7DA0B002453C9 /* Movie Radar.app */ = {isa = PBXFileReference; explicitFileType = wrapper.application; includeInIndex = 0; path = "Movie Radar.app"; sourceTree = BUILT_PRODUCTS_DIR; };
		483BBC7E2BD7DA0B002453C9 /* Movie_RadarApp.swift */ = {isa = PBXFileReference; lastKnownFileType = sourcecode.swift; path = Movie_RadarApp.swift; sourceTree = "<group>"; };
		483BBC802BD7DA0B002453C9 /* MainTabView.swift */ = {isa = PBXFileReference; lastKnownFileType = sourcecode.swift; path = MainTabView.swift; sourceTree = "<group>"; };
		483BBC822BD7DA0C002453C9 /* Assets.xcassets */ = {isa = PBXFileReference; lastKnownFileType = folder.assetcatalog; path = Assets.xcassets; sourceTree = "<group>"; };
		483BBC852BD7DA0C002453C9 /* Preview Assets.xcassets */ = {isa = PBXFileReference; lastKnownFileType = folder.assetcatalog; path = "Preview Assets.xcassets"; sourceTree = "<group>"; };
		483BBC8B2BD7DA0C002453C9 /* Movie RadarTests.xctest */ = {isa = PBXFileReference; explicitFileType = wrapper.cfbundle; includeInIndex = 0; path = "Movie RadarTests.xctest"; sourceTree = BUILT_PRODUCTS_DIR; };
		483BBC8F2BD7DA0C002453C9 /* Movie_RadarTests.swift */ = {isa = PBXFileReference; lastKnownFileType = sourcecode.swift; path = Movie_RadarTests.swift; sourceTree = "<group>"; };
		483BBC952BD7DA0D002453C9 /* Movie RadarUITests.xctest */ = {isa = PBXFileReference; explicitFileType = wrapper.cfbundle; includeInIndex = 0; path = "Movie RadarUITests.xctest"; sourceTree = BUILT_PRODUCTS_DIR; };
		483BBC992BD7DA0D002453C9 /* Movie_RadarUITests.swift */ = {isa = PBXFileReference; lastKnownFileType = sourcecode.swift; path = Movie_RadarUITests.swift; sourceTree = "<group>"; };
		483BBC9B2BD7DA0D002453C9 /* Movie_RadarUITestsLaunchTests.swift */ = {isa = PBXFileReference; lastKnownFileType = sourcecode.swift; path = Movie_RadarUITestsLaunchTests.swift; sourceTree = "<group>"; };
		48432BD72BE234A900610AA9 /* DiscoverMoviesGridView.swift */ = {isa = PBXFileReference; lastKnownFileType = sourcecode.swift; path = DiscoverMoviesGridView.swift; sourceTree = "<group>"; };
		484F59732BDCFFFF0079D470 /* View.swift */ = {isa = PBXFileReference; lastKnownFileType = sourcecode.swift; path = View.swift; sourceTree = "<group>"; };
		485FD2522BD7F6D900238336 /* MovieList.swift */ = {isa = PBXFileReference; lastKnownFileType = sourcecode.swift; path = MovieList.swift; sourceTree = "<group>"; };
		485FD2542BD7F6FD00238336 /* Movie.swift */ = {isa = PBXFileReference; lastKnownFileType = sourcecode.swift; path = Movie.swift; sourceTree = "<group>"; };
		485FD2582BD7F86800238336 /* APIService.swift */ = {isa = PBXFileReference; lastKnownFileType = sourcecode.swift; path = APIService.swift; sourceTree = "<group>"; };
		485FD25A2BD7FCD800238336 /* PathBuilder.swift */ = {isa = PBXFileReference; lastKnownFileType = sourcecode.swift; path = PathBuilder.swift; sourceTree = "<group>"; };
		4868C35E2BE0DDF900A549B1 /* MovieActorCarouselView.swift */ = {isa = PBXFileReference; lastKnownFileType = sourcecode.swift; path = MovieActorCarouselView.swift; sourceTree = "<group>"; };
		4868C3602BE0DE3D00A549B1 /* MovieActorCarouselCellView.swift */ = {isa = PBXFileReference; lastKnownFileType = sourcecode.swift; path = MovieActorCarouselCellView.swift; sourceTree = "<group>"; };
		486AF0332BE271B5007794C4 /* RecommendationsCarouselView.swift */ = {isa = PBXFileReference; lastKnownFileType = sourcecode.swift; path = RecommendationsCarouselView.swift; sourceTree = "<group>"; };
		486AF0352BE271D0007794C4 /* RecommendationsCarouselCellView.swift */ = {isa = PBXFileReference; lastKnownFileType = sourcecode.swift; path = RecommendationsCarouselCellView.swift; sourceTree = "<group>"; };
		486AF0382BE27FC8007794C4 /* ReviewList.swift */ = {isa = PBXFileReference; lastKnownFileType = sourcecode.swift; path = ReviewList.swift; sourceTree = "<group>"; };
		486AF03A2BE27FCE007794C4 /* Review.swift */ = {isa = PBXFileReference; lastKnownFileType = sourcecode.swift; path = Review.swift; sourceTree = "<group>"; };
		486AF03D2BE2811D007794C4 /* ReviewCarouselView.swift */ = {isa = PBXFileReference; lastKnownFileType = sourcecode.swift; path = ReviewCarouselView.swift; sourceTree = "<group>"; };
		486AF03F2BE28127007794C4 /* ReviewCarouselCellView.swift */ = {isa = PBXFileReference; lastKnownFileType = sourcecode.swift; path = ReviewCarouselCellView.swift; sourceTree = "<group>"; };
		487B97822BE1AF70006C947F /* MovieDetailHeaderView.swift */ = {isa = PBXFileReference; lastKnownFileType = sourcecode.swift; path = MovieDetailHeaderView.swift; sourceTree = "<group>"; };
		487B97842BE1AFE7006C947F /* MovieDetailBodyView.swift */ = {isa = PBXFileReference; lastKnownFileType = sourcecode.swift; path = MovieDetailBodyView.swift; sourceTree = "<group>"; };
		4887DA172BE3741500780B3D /* MovieImage.swift */ = {isa = PBXFileReference; lastKnownFileType = sourcecode.swift; path = MovieImage.swift; sourceTree = "<group>"; };
		4887DA192BE3741E00780B3D /* ImageList.swift */ = {isa = PBXFileReference; lastKnownFileType = sourcecode.swift; path = ImageList.swift; sourceTree = "<group>"; };
		4887DA1C2BE3756300780B3D /* ImageCarouselView.swift */ = {isa = PBXFileReference; lastKnownFileType = sourcecode.swift; path = ImageCarouselView.swift; sourceTree = "<group>"; };
		4887DA1E2BE3758600780B3D /* ImageCarouselCellView.swift */ = {isa = PBXFileReference; lastKnownFileType = sourcecode.swift; path = ImageCarouselCellView.swift; sourceTree = "<group>"; };
		4887DA202BE377E800780B3D /* MovieDescriptionView.swift */ = {isa = PBXFileReference; lastKnownFileType = sourcecode.swift; path = MovieDescriptionView.swift; sourceTree = "<group>"; };
		4896C4202BDEC0DB00E46C7D /* LocalStorage+UserDefaults.swift */ = {isa = PBXFileReference; lastKnownFileType = sourcecode.swift; path = "LocalStorage+UserDefaults.swift"; sourceTree = "<group>"; };
		4896C4222BDEC83300E46C7D /* GenreCellView.swift */ = {isa = PBXFileReference; lastKnownFileType = sourcecode.swift; path = GenreCellView.swift; sourceTree = "<group>"; };
		4896C4242BDEC89E00E46C7D /* GenreCarouselView.swift */ = {isa = PBXFileReference; lastKnownFileType = sourcecode.swift; path = GenreCarouselView.swift; sourceTree = "<group>"; };
		489B1EC62BE2C6C5003C048E /* LinksCarouselView.swift */ = {isa = PBXFileReference; lastKnownFileType = sourcecode.swift; path = LinksCarouselView.swift; sourceTree = "<group>"; };
		489B1EC82BE2C6D1003C048E /* LinksCarouselCellView.swift */ = {isa = PBXFileReference; lastKnownFileType = sourcecode.swift; path = LinksCarouselCellView.swift; sourceTree = "<group>"; };
		489B1ECA2BE2C725003C048E /* LinkList.swift */ = {isa = PBXFileReference; lastKnownFileType = sourcecode.swift; path = LinkList.swift; sourceTree = "<group>"; };
		489B1ECD2BE2D493003C048E /* Link.swift */ = {isa = PBXFileReference; lastKnownFileType = sourcecode.swift; path = Link.swift; sourceTree = "<group>"; };
		48B012BC2BE42D12000BFA28 /* SearchBar.swift */ = {isa = PBXFileReference; lastKnownFileType = sourcecode.swift; path = SearchBar.swift; sourceTree = "<group>"; };
		48C931A12BE0DA3900FF7D4D /* Credits.swift */ = {isa = PBXFileReference; lastKnownFileType = sourcecode.swift; path = Credits.swift; sourceTree = "<group>"; };
		48C931A32BE0DA5E00FF7D4D /* Cast.swift */ = {isa = PBXFileReference; lastKnownFileType = sourcecode.swift; path = Cast.swift; sourceTree = "<group>"; };
		48F8C7E72BDCE22700EFB979 /* GenreSelectorView.swift */ = {isa = PBXFileReference; lastKnownFileType = sourcecode.swift; path = GenreSelectorView.swift; sourceTree = "<group>"; };
		48F8C7E92BDCE7F100EFB979 /* HeaderText.swift */ = {isa = PBXFileReference; lastKnownFileType = sourcecode.swift; path = HeaderText.swift; sourceTree = "<group>"; };
		48F8C7EB2BDCE96200EFB979 /* GenreSelectorCellView.swift */ = {isa = PBXFileReference; lastKnownFileType = sourcecode.swift; path = GenreSelectorCellView.swift; sourceTree = "<group>"; };
		48FE82A22BDD20D300E2DF31 /* MovieGridView.swift */ = {isa = PBXFileReference; lastKnownFileType = sourcecode.swift; path = MovieGridView.swift; sourceTree = "<group>"; };
		48FE82A42BDD20E100E2DF31 /* MovieGridCellView.swift */ = {isa = PBXFileReference; lastKnownFileType = sourcecode.swift; path = MovieGridCellView.swift; sourceTree = "<group>"; };
		B50EBFEF2BDB9A2300914327 /* MovieCarouselCellView.swift */ = {isa = PBXFileReference; lastKnownFileType = sourcecode.swift; path = MovieCarouselCellView.swift; sourceTree = "<group>"; };
		B50EBFF72BDBE45B00914327 /* FavoriteButton.swift */ = {isa = PBXFileReference; lastKnownFileType = sourcecode.swift; name = FavoriteButton.swift; path = "Movie Radar/Common/Components/FavoriteButton.swift"; sourceTree = SOURCE_ROOT; };
		B5169DF22BD7DFAA001E60E2 /* Localizable.xcstrings */ = {isa = PBXFileReference; lastKnownFileType = text.json.xcstrings; path = Localizable.xcstrings; sourceTree = "<group>"; };
		B526ED7F2BD90B1500BD19C2 /* HomeView.swift */ = {isa = PBXFileReference; lastKnownFileType = sourcecode.swift; path = HomeView.swift; sourceTree = "<group>"; };
		B526ED812BD90B2500BD19C2 /* FavoritesView.swift */ = {isa = PBXFileReference; lastKnownFileType = sourcecode.swift; path = FavoritesView.swift; sourceTree = "<group>"; };
		B526ED842BD90BAF00BD19C2 /* SettingsView.swift */ = {isa = PBXFileReference; lastKnownFileType = sourcecode.swift; path = SettingsView.swift; sourceTree = "<group>"; };
		B526ED862BD90CDA00BD19C2 /* Colors.swift */ = {isa = PBXFileReference; lastKnownFileType = sourcecode.swift; path = Colors.swift; sourceTree = "<group>"; };
		B526ED892BD90EC800BD19C2 /* Home+ViewModel.swift */ = {isa = PBXFileReference; lastKnownFileType = sourcecode.swift; path = "Home+ViewModel.swift"; sourceTree = "<group>"; };
		B526ED8B2BD90ED400BD19C2 /* MovieDetailView.swift */ = {isa = PBXFileReference; lastKnownFileType = sourcecode.swift; path = MovieDetailView.swift; sourceTree = "<group>"; };
		B526ED8D2BD90EDD00BD19C2 /* MovieDetail+ViewModel.swift */ = {isa = PBXFileReference; lastKnownFileType = sourcecode.swift; path = "MovieDetail+ViewModel.swift"; sourceTree = "<group>"; };
		B526ED8F2BD90EE600BD19C2 /* Settings+ViewModel.swift */ = {isa = PBXFileReference; lastKnownFileType = sourcecode.swift; path = "Settings+ViewModel.swift"; sourceTree = "<group>"; };
		B526ED912BD90EEF00BD19C2 /* Favorites+ViewModel.swift */ = {isa = PBXFileReference; lastKnownFileType = sourcecode.swift; path = "Favorites+ViewModel.swift"; sourceTree = "<group>"; };
		B526ED932BD911AD00BD19C2 /* APIServiceMock.swift */ = {isa = PBXFileReference; lastKnownFileType = sourcecode.swift; path = APIServiceMock.swift; sourceTree = "<group>"; };
		B526ED972BD919B800BD19C2 /* APIService+Endpoints.swift */ = {isa = PBXFileReference; lastKnownFileType = sourcecode.swift; path = "APIService+Endpoints.swift"; sourceTree = "<group>"; };
		B57D7E722BDF95F9002848E4 /* GridPlaceholderView.swift */ = {isa = PBXFileReference; lastKnownFileType = sourcecode.swift; path = GridPlaceholderView.swift; sourceTree = "<group>"; };
		B5CA51852BDA6D5200A87992 /* MovieCarouselView.swift */ = {isa = PBXFileReference; lastKnownFileType = sourcecode.swift; path = MovieCarouselView.swift; sourceTree = "<group>"; };
/* End PBXFileReference section */

/* Begin PBXFrameworksBuildPhase section */
		483BBC782BD7DA0B002453C9 /* Frameworks */ = {
			isa = PBXFrameworksBuildPhase;
			buildActionMask = 2147483647;
			files = (
			);
			runOnlyForDeploymentPostprocessing = 0;
		};
		483BBC882BD7DA0C002453C9 /* Frameworks */ = {
			isa = PBXFrameworksBuildPhase;
			buildActionMask = 2147483647;
			files = (
			);
			runOnlyForDeploymentPostprocessing = 0;
		};
		483BBC922BD7DA0D002453C9 /* Frameworks */ = {
			isa = PBXFrameworksBuildPhase;
			buildActionMask = 2147483647;
			files = (
			);
			runOnlyForDeploymentPostprocessing = 0;
		};
/* End PBXFrameworksBuildPhase section */

/* Begin PBXGroup section */
		4828DD642BDBF2A900AD86F0 /* Extensions */ = {
			isa = PBXGroup;
			children = (
				B526ED862BD90CDA00BD19C2 /* Colors.swift */,
				484F59732BDCFFFF0079D470 /* View.swift */,
				4828DD662BDBF2C500AD86F0 /* LinearGradient.swift */,
			);
			path = Extensions;
			sourceTree = "<group>";
		};
		4828DD652BDBF2AE00AD86F0 /* Components */ = {
			isa = PBXGroup;
			children = (
				B50EBFF72BDBE45B00914327 /* FavoriteButton.swift */,
				4828DD682BDBFA1200AD86F0 /* PlaceholderView.swift */,
				48F8C7E92BDCE7F100EFB979 /* HeaderText.swift */,
			);
			path = Components;
			sourceTree = "<group>";
		};
		48398F972BDE3DCE00D16B52 /* Token Request */ = {
			isa = PBXGroup;
			children = (
				48398F982BDE3DE600D16B52 /* TokenRequestView.swift */,
				48398FA02BDE764700D16B52 /* TokenRequest+ViewModel.swift */,
			);
			path = "Token Request";
			sourceTree = "<group>";
		};
		48398F9A2BDE6F5100D16B52 /* Local */ = {
			isa = PBXGroup;
			children = (
				48398F9C2BDE6F6800D16B52 /* LocalStorage+Keychain.swift */,
				4896C4202BDEC0DB00E46C7D /* LocalStorage+UserDefaults.swift */,
			);
			path = Local;
			sourceTree = "<group>";
		};
		483BBC722BD7DA0B002453C9 = {
			isa = PBXGroup;
			children = (
				483BBC7D2BD7DA0B002453C9 /* Movie Radar */,
				483BBC8E2BD7DA0C002453C9 /* Movie RadarTests */,
				483BBC982BD7DA0D002453C9 /* Movie RadarUITests */,
				483BBC7C2BD7DA0B002453C9 /* Products */,
			);
			sourceTree = "<group>";
		};
		483BBC7C2BD7DA0B002453C9 /* Products */ = {
			isa = PBXGroup;
			children = (
				483BBC7B2BD7DA0B002453C9 /* Movie Radar.app */,
				483BBC8B2BD7DA0C002453C9 /* Movie RadarTests.xctest */,
				483BBC952BD7DA0D002453C9 /* Movie RadarUITests.xctest */,
			);
			name = Products;
			sourceTree = "<group>";
		};
		483BBC7D2BD7DA0B002453C9 /* Movie Radar */ = {
			isa = PBXGroup;
			children = (
				483BBC7E2BD7DA0B002453C9 /* Movie_RadarApp.swift */,
				B5169DF12BD7DF79001E60E2 /* Common */,
				B5169DEF2BD7DF54001E60E2 /* Modules */,
				B5169DF42BD7E01E001E60E2 /* Services */,
				B5169DF02BD7DF5C001E60E2 /* Resources */,
				483BBC842BD7DA0C002453C9 /* Preview Content */,
			);
			path = "Movie Radar";
			sourceTree = "<group>";
		};
		483BBC842BD7DA0C002453C9 /* Preview Content */ = {
			isa = PBXGroup;
			children = (
				483BBC852BD7DA0C002453C9 /* Preview Assets.xcassets */,
			);
			path = "Preview Content";
			sourceTree = "<group>";
		};
		483BBC8E2BD7DA0C002453C9 /* Movie RadarTests */ = {
			isa = PBXGroup;
			children = (
				483BBC8F2BD7DA0C002453C9 /* Movie_RadarTests.swift */,
			);
			path = "Movie RadarTests";
			sourceTree = "<group>";
		};
		483BBC982BD7DA0D002453C9 /* Movie RadarUITests */ = {
			isa = PBXGroup;
			children = (
				483BBC992BD7DA0D002453C9 /* Movie_RadarUITests.swift */,
				483BBC9B2BD7DA0D002453C9 /* Movie_RadarUITestsLaunchTests.swift */,
			);
			path = "Movie RadarUITests";
			sourceTree = "<group>";
		};
		485FD2512BD7F6CD00238336 /* Requests */ = {
			isa = PBXGroup;
			children = (
				485FD2582BD7F86800238336 /* APIService.swift */,
				B526ED972BD919B800BD19C2 /* APIService+Endpoints.swift */,
				485FD25A2BD7FCD800238336 /* PathBuilder.swift */,
				B526ED932BD911AD00BD19C2 /* APIServiceMock.swift */,
			);
			path = Requests;
			sourceTree = "<group>";
		};
		4868C3622BE0E29100A549B1 /* Actor Carousel */ = {
			isa = PBXGroup;
			children = (
				4868C35E2BE0DDF900A549B1 /* MovieActorCarouselView.swift */,
				4868C3602BE0DE3D00A549B1 /* MovieActorCarouselCellView.swift */,
			);
			path = "Actor Carousel";
			sourceTree = "<group>";
		};
		486AF0322BE27196007794C4 /* Recommendations Carousel */ = {
			isa = PBXGroup;
			children = (
				486AF0332BE271B5007794C4 /* RecommendationsCarouselView.swift */,
				486AF0352BE271D0007794C4 /* RecommendationsCarouselCellView.swift */,
			);
			path = "Recommendations Carousel";
			sourceTree = "<group>";
		};
		486AF0372BE27FAB007794C4 /* Review */ = {
			isa = PBXGroup;
			children = (
				486AF0382BE27FC8007794C4 /* ReviewList.swift */,
				486AF03A2BE27FCE007794C4 /* Review.swift */,
			);
			path = Review;
			sourceTree = "<group>";
		};
		486AF03C2BE280FA007794C4 /* Reviews Carousel */ = {
			isa = PBXGroup;
			children = (
				486AF03D2BE2811D007794C4 /* ReviewCarouselView.swift */,
				486AF03F2BE28127007794C4 /* ReviewCarouselCellView.swift */,
			);
			path = "Reviews Carousel";
			sourceTree = "<group>";
		};
		4887DA162BE3740700780B3D /* Images */ = {
			isa = PBXGroup;
			children = (
				4887DA192BE3741E00780B3D /* ImageList.swift */,
				4887DA172BE3741500780B3D /* MovieImage.swift */,
			);
			path = Images;
			sourceTree = "<group>";
		};
		4887DA1B2BE3754000780B3D /* Image Carousel */ = {
			isa = PBXGroup;
			children = (
				4887DA1C2BE3756300780B3D /* ImageCarouselView.swift */,
				4887DA1E2BE3758600780B3D /* ImageCarouselCellView.swift */,
			);
			path = "Image Carousel";
			sourceTree = "<group>";
		};
		4896C4262BDEC8C900E46C7D /* Genre Carousel */ = {
			isa = PBXGroup;
			children = (
				4896C4242BDEC89E00E46C7D /* GenreCarouselView.swift */,
				4896C4222BDEC83300E46C7D /* GenreCellView.swift */,
			);
			path = "Genre Carousel";
			sourceTree = "<group>";
		};
		489B1EC52BE2C694003C048E /* Social Network Carousel */ = {
			isa = PBXGroup;
			children = (
				489B1EC62BE2C6C5003C048E /* LinksCarouselView.swift */,
				489B1EC82BE2C6D1003C048E /* LinksCarouselCellView.swift */,
			);
			path = "Social Network Carousel";
			sourceTree = "<group>";
		};
		489B1ECC2BE2D488003C048E /* Link */ = {
			isa = PBXGroup;
			children = (
				489B1ECD2BE2D493003C048E /* Link.swift */,
				489B1ECA2BE2C725003C048E /* LinkList.swift */,
			);
			path = Link;
			sourceTree = "<group>";
		};
		48C931A02BE0DA3000FF7D4D /* Credit */ = {
			isa = PBXGroup;
			children = (
				48C931A12BE0DA3900FF7D4D /* Credits.swift */,
				48C931A32BE0DA5E00FF7D4D /* Cast.swift */,
			);
			path = Credit;
			sourceTree = "<group>";
		};
		48C931A52BE0DA6100FF7D4D /* Movie */ = {
			isa = PBXGroup;
			children = (
				485FD2522BD7F6D900238336 /* MovieList.swift */,
				485FD2542BD7F6FD00238336 /* Movie.swift */,
			);
			path = Movie;
			sourceTree = "<group>";
		};
		48C931A62BE0DA6600FF7D4D /* Genre */ = {
			isa = PBXGroup;
			children = (
				4828DD6A2BDC44CA00AD86F0 /* GenreList.swift */,
				4828DD6C2BDC44D300AD86F0 /* Genre.swift */,
			);
			path = Genre;
			sourceTree = "<group>";
		};
		48F8C7E62BDCE20B00EFB979 /* Movie Grid */ = {
			isa = PBXGroup;
			children = (
				48FE82A02BDD20A600E2DF31 /* Genre Selector */,
				48FE82A22BDD20D300E2DF31 /* MovieGridView.swift */,
				48B012BC2BE42D12000BFA28 /* SearchBar.swift */,
				48432BD72BE234A900610AA9 /* DiscoverMoviesGridView.swift */,
				B57D7E722BDF95F9002848E4 /* GridPlaceholderView.swift */,
				48FE82A42BDD20E100E2DF31 /* MovieGridCellView.swift */,
			);
			path = "Movie Grid";
			sourceTree = "<group>";
		};
		48FE82A02BDD20A600E2DF31 /* Genre Selector */ = {
			isa = PBXGroup;
			children = (
				48F8C7E72BDCE22700EFB979 /* GenreSelectorView.swift */,
				48F8C7EB2BDCE96200EFB979 /* GenreSelectorCellView.swift */,
			);
			path = "Genre Selector";
			sourceTree = "<group>";
		};
		B5169DEF2BD7DF54001E60E2 /* Modules */ = {
			isa = PBXGroup;
			children = (
				B526ED7E2BD90AB100BD19C2 /* Tab Bar */,
				48398F972BDE3DCE00D16B52 /* Token Request */,
				B526ED7D2BD90A7A00BD19C2 /* Home */,
				B526ED7C2BD90A7700BD19C2 /* Favorites */,
				B526ED832BD90B9C00BD19C2 /* Settings */,
				B526ED882BD90D2400BD19C2 /* Movie Detail */,
			);
			path = Modules;
			sourceTree = "<group>";
		};
		B5169DF02BD7DF5C001E60E2 /* Resources */ = {
			isa = PBXGroup;
			children = (
				B5169DF22BD7DFAA001E60E2 /* Localizable.xcstrings */,
				483BBC822BD7DA0C002453C9 /* Assets.xcassets */,
			);
			path = Resources;
			sourceTree = "<group>";
		};
		B5169DF12BD7DF79001E60E2 /* Common */ = {
			isa = PBXGroup;
			children = (
				4828DD652BDBF2AE00AD86F0 /* Components */,
				4828DD642BDBF2A900AD86F0 /* Extensions */,
			);
			path = Common;
			sourceTree = "<group>";
		};
		B5169DF42BD7E01E001E60E2 /* Services */ = {
			isa = PBXGroup;
			children = (
				48398F9A2BDE6F5100D16B52 /* Local */,
				B5169DF52BD7E056001E60E2 /* Network */,
			);
			path = Services;
			sourceTree = "<group>";
		};
		B5169DF52BD7E056001E60E2 /* Network */ = {
			isa = PBXGroup;
			children = (
				485FD2512BD7F6CD00238336 /* Requests */,
				B5169DF82BD7E091001E60E2 /* Models */,
			);
			path = Network;
			sourceTree = "<group>";
		};
		B5169DF82BD7E091001E60E2 /* Models */ = {
			isa = PBXGroup;
			children = (
				4887DA162BE3740700780B3D /* Images */,
				486AF0372BE27FAB007794C4 /* Review */,
				48C931A52BE0DA6100FF7D4D /* Movie */,
				48C931A62BE0DA6600FF7D4D /* Genre */,
				48C931A02BE0DA3000FF7D4D /* Credit */,
				489B1ECC2BE2D488003C048E /* Link */,
			);
			path = Models;
			sourceTree = "<group>";
		};
		B526ED7C2BD90A7700BD19C2 /* Favorites */ = {
			isa = PBXGroup;
			children = (
				B526ED812BD90B2500BD19C2 /* FavoritesView.swift */,
				B526ED912BD90EEF00BD19C2 /* Favorites+ViewModel.swift */,
			);
			path = Favorites;
			sourceTree = "<group>";
		};
		B526ED7D2BD90A7A00BD19C2 /* Home */ = {
			isa = PBXGroup;
			children = (
				B526ED7F2BD90B1500BD19C2 /* HomeView.swift */,
				B526ED892BD90EC800BD19C2 /* Home+ViewModel.swift */,
				B5CA51842BDA6D4100A87992 /* Movie Carousel */,
				48F8C7E62BDCE20B00EFB979 /* Movie Grid */,
			);
			path = Home;
			sourceTree = "<group>";
		};
		B526ED7E2BD90AB100BD19C2 /* Tab Bar */ = {
			isa = PBXGroup;
			children = (
				483BBC802BD7DA0B002453C9 /* MainTabView.swift */,
				48398F9E2BDE724B00D16B52 /* MainTab+ViewModel.swift */,
			);
			path = "Tab Bar";
			sourceTree = "<group>";
		};
		B526ED832BD90B9C00BD19C2 /* Settings */ = {
			isa = PBXGroup;
			children = (
				B526ED842BD90BAF00BD19C2 /* SettingsView.swift */,
				B526ED8F2BD90EE600BD19C2 /* Settings+ViewModel.swift */,
			);
			path = Settings;
			sourceTree = "<group>";
		};
		B526ED882BD90D2400BD19C2 /* Movie Detail */ = {
			isa = PBXGroup;
			children = (
				B526ED8B2BD90ED400BD19C2 /* MovieDetailView.swift */,
				B526ED8D2BD90EDD00BD19C2 /* MovieDetail+ViewModel.swift */,
				487B97822BE1AF70006C947F /* MovieDetailHeaderView.swift */,
				487B97842BE1AFE7006C947F /* MovieDetailBodyView.swift */,
				4887DA202BE377E800780B3D /* MovieDescriptionView.swift */,
				4896C4262BDEC8C900E46C7D /* Genre Carousel */,
				4887DA1B2BE3754000780B3D /* Image Carousel */,
				4868C3622BE0E29100A549B1 /* Actor Carousel */,
				486AF0322BE27196007794C4 /* Recommendations Carousel */,
				486AF03C2BE280FA007794C4 /* Reviews Carousel */,
				489B1EC52BE2C694003C048E /* Social Network Carousel */,
			);
			path = "Movie Detail";
			sourceTree = "<group>";
		};
		B5CA51842BDA6D4100A87992 /* Movie Carousel */ = {
			isa = PBXGroup;
			children = (
				480098ED2BDEF34100E663B4 /* MovieCarouselType.swift */,
				B5CA51852BDA6D5200A87992 /* MovieCarouselView.swift */,
				B50EBFEF2BDB9A2300914327 /* MovieCarouselCellView.swift */,
			);
			path = "Movie Carousel";
			sourceTree = "<group>";
		};
/* End PBXGroup section */

/* Begin PBXNativeTarget section */
		483BBC7A2BD7DA0B002453C9 /* Movie Radar */ = {
			isa = PBXNativeTarget;
			buildConfigurationList = 483BBC9F2BD7DA0D002453C9 /* Build configuration list for PBXNativeTarget "Movie Radar" */;
			buildPhases = (
				483BBC772BD7DA0B002453C9 /* Sources */,
				486292222BD957050036F500 /* SwiftLint */,
				483BBC782BD7DA0B002453C9 /* Frameworks */,
				483BBC792BD7DA0B002453C9 /* Resources */,
			);
			buildRules = (
			);
			dependencies = (
			);
			name = "Movie Radar";
			productName = "Movie Radar";
			productReference = 483BBC7B2BD7DA0B002453C9 /* Movie Radar.app */;
			productType = "com.apple.product-type.application";
		};
		483BBC8A2BD7DA0C002453C9 /* Movie RadarTests */ = {
			isa = PBXNativeTarget;
			buildConfigurationList = 483BBCA22BD7DA0D002453C9 /* Build configuration list for PBXNativeTarget "Movie RadarTests" */;
			buildPhases = (
				483BBC872BD7DA0C002453C9 /* Sources */,
				483BBC882BD7DA0C002453C9 /* Frameworks */,
				483BBC892BD7DA0C002453C9 /* Resources */,
			);
			buildRules = (
			);
			dependencies = (
				483BBC8D2BD7DA0C002453C9 /* PBXTargetDependency */,
			);
			name = "Movie RadarTests";
			productName = "Movie RadarTests";
			productReference = 483BBC8B2BD7DA0C002453C9 /* Movie RadarTests.xctest */;
			productType = "com.apple.product-type.bundle.unit-test";
		};
		483BBC942BD7DA0D002453C9 /* Movie RadarUITests */ = {
			isa = PBXNativeTarget;
			buildConfigurationList = 483BBCA52BD7DA0D002453C9 /* Build configuration list for PBXNativeTarget "Movie RadarUITests" */;
			buildPhases = (
				483BBC912BD7DA0D002453C9 /* Sources */,
				483BBC922BD7DA0D002453C9 /* Frameworks */,
				483BBC932BD7DA0D002453C9 /* Resources */,
			);
			buildRules = (
			);
			dependencies = (
				483BBC972BD7DA0D002453C9 /* PBXTargetDependency */,
			);
			name = "Movie RadarUITests";
			productName = "Movie RadarUITests";
			productReference = 483BBC952BD7DA0D002453C9 /* Movie RadarUITests.xctest */;
			productType = "com.apple.product-type.bundle.ui-testing";
		};
/* End PBXNativeTarget section */

/* Begin PBXProject section */
		483BBC732BD7DA0B002453C9 /* Project object */ = {
			isa = PBXProject;
			attributes = {
				BuildIndependentTargetsInParallel = 1;
				LastSwiftUpdateCheck = 1530;
				LastUpgradeCheck = 1530;
				TargetAttributes = {
					483BBC7A2BD7DA0B002453C9 = {
						CreatedOnToolsVersion = 15.3;
					};
					483BBC8A2BD7DA0C002453C9 = {
						CreatedOnToolsVersion = 15.3;
						TestTargetID = 483BBC7A2BD7DA0B002453C9;
					};
					483BBC942BD7DA0D002453C9 = {
						CreatedOnToolsVersion = 15.3;
						TestTargetID = 483BBC7A2BD7DA0B002453C9;
					};
				};
			};
			buildConfigurationList = 483BBC762BD7DA0B002453C9 /* Build configuration list for PBXProject "Movie Radar" */;
			compatibilityVersion = "Xcode 14.0";
			developmentRegion = en;
			hasScannedForEncodings = 0;
			knownRegions = (
				en,
				Base,
				es,
			);
			mainGroup = 483BBC722BD7DA0B002453C9;
			productRefGroup = 483BBC7C2BD7DA0B002453C9 /* Products */;
			projectDirPath = "";
			projectRoot = "";
			targets = (
				483BBC7A2BD7DA0B002453C9 /* Movie Radar */,
				483BBC8A2BD7DA0C002453C9 /* Movie RadarTests */,
				483BBC942BD7DA0D002453C9 /* Movie RadarUITests */,
			);
		};
/* End PBXProject section */

/* Begin PBXResourcesBuildPhase section */
		483BBC792BD7DA0B002453C9 /* Resources */ = {
			isa = PBXResourcesBuildPhase;
			buildActionMask = 2147483647;
			files = (
				483BBC862BD7DA0C002453C9 /* Preview Assets.xcassets in Resources */,
				483BBC832BD7DA0C002453C9 /* Assets.xcassets in Resources */,
				B5169DF32BD7DFAA001E60E2 /* Localizable.xcstrings in Resources */,
			);
			runOnlyForDeploymentPostprocessing = 0;
		};
		483BBC892BD7DA0C002453C9 /* Resources */ = {
			isa = PBXResourcesBuildPhase;
			buildActionMask = 2147483647;
			files = (
			);
			runOnlyForDeploymentPostprocessing = 0;
		};
		483BBC932BD7DA0D002453C9 /* Resources */ = {
			isa = PBXResourcesBuildPhase;
			buildActionMask = 2147483647;
			files = (
			);
			runOnlyForDeploymentPostprocessing = 0;
		};
/* End PBXResourcesBuildPhase section */

/* Begin PBXShellScriptBuildPhase section */
		486292222BD957050036F500 /* SwiftLint */ = {
			isa = PBXShellScriptBuildPhase;
			alwaysOutOfDate = 1;
			buildActionMask = 2147483647;
			files = (
			);
			inputFileListPaths = (
			);
			inputPaths = (
			);
			name = SwiftLint;
			outputFileListPaths = (
			);
			outputPaths = (
			);
			runOnlyForDeploymentPostprocessing = 0;
			shellPath = /bin/sh;
			shellScript = "if [[ \"$(uname -m)\" == arm64 ]]; then\n    export PATH=\"/opt/homebrew/bin:$PATH\"\nfi\n\nif which swiftlint > /dev/null; then\n  swiftlint --fix && swiftlint\nelse\n  echo \"warning: SwiftLint not installed, download from https://github.com/realm/SwiftLint\"\nfi\n";
			showEnvVarsInLog = 0;
		};
/* End PBXShellScriptBuildPhase section */

/* Begin PBXSourcesBuildPhase section */
		483BBC772BD7DA0B002453C9 /* Sources */ = {
			isa = PBXSourcesBuildPhase;
			buildActionMask = 2147483647;
			files = (
				485FD2532BD7F6D900238336 /* MovieList.swift in Sources */,
				480098EE2BDEF34100E663B4 /* MovieCarouselType.swift in Sources */,
				489B1EC92BE2C6D1003C048E /* LinksCarouselCellView.swift in Sources */,
				486AF03E2BE2811D007794C4 /* ReviewCarouselView.swift in Sources */,
				B526ED872BD90CDA00BD19C2 /* Colors.swift in Sources */,
				484F59742BDCFFFF0079D470 /* View.swift in Sources */,
				B526ED922BD90EEF00BD19C2 /* Favorites+ViewModel.swift in Sources */,
				B50EBFF02BDB9A2300914327 /* MovieCarouselCellView.swift in Sources */,
				48FE82A32BDD20D300E2DF31 /* MovieGridView.swift in Sources */,
				B57D7E732BDF95F9002848E4 /* GridPlaceholderView.swift in Sources */,
				4896C4232BDEC83300E46C7D /* GenreCellView.swift in Sources */,
				4887DA1D2BE3756300780B3D /* ImageCarouselView.swift in Sources */,
				48398F9F2BDE724B00D16B52 /* MainTab+ViewModel.swift in Sources */,
				487B97832BE1AF70006C947F /* MovieDetailHeaderView.swift in Sources */,
				48B012BD2BE42D12000BFA28 /* SearchBar.swift in Sources */,
				485FD25B2BD7FCD800238336 /* PathBuilder.swift in Sources */,
				4887DA1A2BE3741E00780B3D /* ImageList.swift in Sources */,
				48C931A22BE0DA3900FF7D4D /* Credits.swift in Sources */,
				489B1ECE2BE2D493003C048E /* Link.swift in Sources */,
				48C931A42BE0DA5E00FF7D4D /* Cast.swift in Sources */,
				485FD2592BD7F86800238336 /* APIService.swift in Sources */,
				489B1EC72BE2C6C5003C048E /* LinksCarouselView.swift in Sources */,
				B526ED902BD90EE600BD19C2 /* Settings+ViewModel.swift in Sources */,
				487B97852BE1AFE7006C947F /* MovieDetailBodyView.swift in Sources */,
				48398F992BDE3DE600D16B52 /* TokenRequestView.swift in Sources */,
				486AF0362BE271D0007794C4 /* RecommendationsCarouselCellView.swift in Sources */,
				483BBC812BD7DA0B002453C9 /* MainTabView.swift in Sources */,
				48F8C7EA2BDCE7F200EFB979 /* HeaderText.swift in Sources */,
				B50EBFF82BDBE45B00914327 /* FavoriteButton.swift in Sources */,
				B526ED852BD90BAF00BD19C2 /* SettingsView.swift in Sources */,
				486AF0392BE27FC8007794C4 /* ReviewList.swift in Sources */,
				4896C4212BDEC0DB00E46C7D /* LocalStorage+UserDefaults.swift in Sources */,
				B526ED8C2BD90ED400BD19C2 /* MovieDetailView.swift in Sources */,
				B526ED8A2BD90EC800BD19C2 /* Home+ViewModel.swift in Sources */,
				B526ED942BD911AD00BD19C2 /* APIServiceMock.swift in Sources */,
				B5CA51862BDA6D5200A87992 /* MovieCarouselView.swift in Sources */,
				B526ED802BD90B1500BD19C2 /* HomeView.swift in Sources */,
				4828DD6B2BDC44CA00AD86F0 /* GenreList.swift in Sources */,
				4887DA182BE3741500780B3D /* MovieImage.swift in Sources */,
				486AF0402BE28127007794C4 /* ReviewCarouselCellView.swift in Sources */,
				485FD2552BD7F6FD00238336 /* Movie.swift in Sources */,
				483BBC7F2BD7DA0B002453C9 /* Movie_RadarApp.swift in Sources */,
				4828DD6D2BDC44D300AD86F0 /* Genre.swift in Sources */,
				48398F9D2BDE6F6800D16B52 /* LocalStorage+Keychain.swift in Sources */,
				4828DD692BDBFA1200AD86F0 /* PlaceholderView.swift in Sources */,
				4868C35F2BE0DDF900A549B1 /* MovieActorCarouselView.swift in Sources */,
				4828DD672BDBF2C500AD86F0 /* LinearGradient.swift in Sources */,
				48FE82A52BDD20E100E2DF31 /* MovieGridCellView.swift in Sources */,
				4887DA212BE377E800780B3D /* MovieDescriptionView.swift in Sources */,
				48398FA12BDE764700D16B52 /* TokenRequest+ViewModel.swift in Sources */,
				4887DA1F2BE3758600780B3D /* ImageCarouselCellView.swift in Sources */,
				48F8C7EC2BDCE96200EFB979 /* GenreSelectorCellView.swift in Sources */,
				486AF0342BE271B5007794C4 /* RecommendationsCarouselView.swift in Sources */,
				B526ED8E2BD90EDD00BD19C2 /* MovieDetail+ViewModel.swift in Sources */,
				48432BD82BE234A900610AA9 /* DiscoverMoviesGridView.swift in Sources */,
				B526ED982BD919B800BD19C2 /* APIService+Endpoints.swift in Sources */,
				B526ED822BD90B2500BD19C2 /* FavoritesView.swift in Sources */,
				489B1ECB2BE2C725003C048E /* LinkList.swift in Sources */,
				486AF03B2BE27FCE007794C4 /* Review.swift in Sources */,
				4868C3612BE0DE3D00A549B1 /* MovieActorCarouselCellView.swift in Sources */,
				48F8C7E82BDCE22700EFB979 /* GenreSelectorView.swift in Sources */,
				4896C4252BDEC89E00E46C7D /* GenreCarouselView.swift in Sources */,
			);
			runOnlyForDeploymentPostprocessing = 0;
		};
		483BBC872BD7DA0C002453C9 /* Sources */ = {
			isa = PBXSourcesBuildPhase;
			buildActionMask = 2147483647;
			files = (
				483BBC902BD7DA0C002453C9 /* Movie_RadarTests.swift in Sources */,
			);
			runOnlyForDeploymentPostprocessing = 0;
		};
		483BBC912BD7DA0D002453C9 /* Sources */ = {
			isa = PBXSourcesBuildPhase;
			buildActionMask = 2147483647;
			files = (
				483BBC9C2BD7DA0D002453C9 /* Movie_RadarUITestsLaunchTests.swift in Sources */,
				483BBC9A2BD7DA0D002453C9 /* Movie_RadarUITests.swift in Sources */,
			);
			runOnlyForDeploymentPostprocessing = 0;
		};
/* End PBXSourcesBuildPhase section */

/* Begin PBXTargetDependency section */
		483BBC8D2BD7DA0C002453C9 /* PBXTargetDependency */ = {
			isa = PBXTargetDependency;
			target = 483BBC7A2BD7DA0B002453C9 /* Movie Radar */;
			targetProxy = 483BBC8C2BD7DA0C002453C9 /* PBXContainerItemProxy */;
		};
		483BBC972BD7DA0D002453C9 /* PBXTargetDependency */ = {
			isa = PBXTargetDependency;
			target = 483BBC7A2BD7DA0B002453C9 /* Movie Radar */;
			targetProxy = 483BBC962BD7DA0D002453C9 /* PBXContainerItemProxy */;
		};
/* End PBXTargetDependency section */

/* Begin XCBuildConfiguration section */
		483BBC9D2BD7DA0D002453C9 /* Debug */ = {
			isa = XCBuildConfiguration;
			buildSettings = {
				ALWAYS_SEARCH_USER_PATHS = NO;
				ASSETCATALOG_COMPILER_GENERATE_SWIFT_ASSET_SYMBOL_EXTENSIONS = YES;
				CLANG_ANALYZER_NONNULL = YES;
				CLANG_ANALYZER_NUMBER_OBJECT_CONVERSION = YES_AGGRESSIVE;
				CLANG_CXX_LANGUAGE_STANDARD = "gnu++20";
				CLANG_ENABLE_MODULES = YES;
				CLANG_ENABLE_OBJC_ARC = YES;
				CLANG_ENABLE_OBJC_WEAK = YES;
				CLANG_WARN_BLOCK_CAPTURE_AUTORELEASING = YES;
				CLANG_WARN_BOOL_CONVERSION = YES;
				CLANG_WARN_COMMA = YES;
				CLANG_WARN_CONSTANT_CONVERSION = YES;
				CLANG_WARN_DEPRECATED_OBJC_IMPLEMENTATIONS = YES;
				CLANG_WARN_DIRECT_OBJC_ISA_USAGE = YES_ERROR;
				CLANG_WARN_DOCUMENTATION_COMMENTS = YES;
				CLANG_WARN_EMPTY_BODY = YES;
				CLANG_WARN_ENUM_CONVERSION = YES;
				CLANG_WARN_INFINITE_RECURSION = YES;
				CLANG_WARN_INT_CONVERSION = YES;
				CLANG_WARN_NON_LITERAL_NULL_CONVERSION = YES;
				CLANG_WARN_OBJC_IMPLICIT_RETAIN_SELF = YES;
				CLANG_WARN_OBJC_LITERAL_CONVERSION = YES;
				CLANG_WARN_OBJC_ROOT_CLASS = YES_ERROR;
				CLANG_WARN_QUOTED_INCLUDE_IN_FRAMEWORK_HEADER = YES;
				CLANG_WARN_RANGE_LOOP_ANALYSIS = YES;
				CLANG_WARN_STRICT_PROTOTYPES = YES;
				CLANG_WARN_SUSPICIOUS_MOVE = YES;
				CLANG_WARN_UNGUARDED_AVAILABILITY = YES_AGGRESSIVE;
				CLANG_WARN_UNREACHABLE_CODE = YES;
				CLANG_WARN__DUPLICATE_METHOD_MATCH = YES;
				COPY_PHASE_STRIP = NO;
				DEBUG_INFORMATION_FORMAT = dwarf;
				ENABLE_STRICT_OBJC_MSGSEND = YES;
				ENABLE_TESTABILITY = YES;
				ENABLE_USER_SCRIPT_SANDBOXING = YES;
				GCC_C_LANGUAGE_STANDARD = gnu17;
				GCC_DYNAMIC_NO_PIC = NO;
				GCC_NO_COMMON_BLOCKS = YES;
				GCC_OPTIMIZATION_LEVEL = 0;
				GCC_PREPROCESSOR_DEFINITIONS = (
					"DEBUG=1",
					"$(inherited)",
				);
				GCC_WARN_64_TO_32_BIT_CONVERSION = YES;
				GCC_WARN_ABOUT_RETURN_TYPE = YES_ERROR;
				GCC_WARN_UNDECLARED_SELECTOR = YES;
				GCC_WARN_UNINITIALIZED_AUTOS = YES_AGGRESSIVE;
				GCC_WARN_UNUSED_FUNCTION = YES;
				GCC_WARN_UNUSED_VARIABLE = YES;
				IPHONEOS_DEPLOYMENT_TARGET = 17.4;
				LOCALIZATION_PREFERS_STRING_CATALOGS = YES;
				MTL_ENABLE_DEBUG_INFO = INCLUDE_SOURCE;
				MTL_FAST_MATH = YES;
				ONLY_ACTIVE_ARCH = YES;
				SDKROOT = iphoneos;
				SWIFT_ACTIVE_COMPILATION_CONDITIONS = "DEBUG $(inherited)";
				SWIFT_OPTIMIZATION_LEVEL = "-Onone";
			};
			name = Debug;
		};
		483BBC9E2BD7DA0D002453C9 /* Release */ = {
			isa = XCBuildConfiguration;
			buildSettings = {
				ALWAYS_SEARCH_USER_PATHS = NO;
				ASSETCATALOG_COMPILER_GENERATE_SWIFT_ASSET_SYMBOL_EXTENSIONS = YES;
				CLANG_ANALYZER_NONNULL = YES;
				CLANG_ANALYZER_NUMBER_OBJECT_CONVERSION = YES_AGGRESSIVE;
				CLANG_CXX_LANGUAGE_STANDARD = "gnu++20";
				CLANG_ENABLE_MODULES = YES;
				CLANG_ENABLE_OBJC_ARC = YES;
				CLANG_ENABLE_OBJC_WEAK = YES;
				CLANG_WARN_BLOCK_CAPTURE_AUTORELEASING = YES;
				CLANG_WARN_BOOL_CONVERSION = YES;
				CLANG_WARN_COMMA = YES;
				CLANG_WARN_CONSTANT_CONVERSION = YES;
				CLANG_WARN_DEPRECATED_OBJC_IMPLEMENTATIONS = YES;
				CLANG_WARN_DIRECT_OBJC_ISA_USAGE = YES_ERROR;
				CLANG_WARN_DOCUMENTATION_COMMENTS = YES;
				CLANG_WARN_EMPTY_BODY = YES;
				CLANG_WARN_ENUM_CONVERSION = YES;
				CLANG_WARN_INFINITE_RECURSION = YES;
				CLANG_WARN_INT_CONVERSION = YES;
				CLANG_WARN_NON_LITERAL_NULL_CONVERSION = YES;
				CLANG_WARN_OBJC_IMPLICIT_RETAIN_SELF = YES;
				CLANG_WARN_OBJC_LITERAL_CONVERSION = YES;
				CLANG_WARN_OBJC_ROOT_CLASS = YES_ERROR;
				CLANG_WARN_QUOTED_INCLUDE_IN_FRAMEWORK_HEADER = YES;
				CLANG_WARN_RANGE_LOOP_ANALYSIS = YES;
				CLANG_WARN_STRICT_PROTOTYPES = YES;
				CLANG_WARN_SUSPICIOUS_MOVE = YES;
				CLANG_WARN_UNGUARDED_AVAILABILITY = YES_AGGRESSIVE;
				CLANG_WARN_UNREACHABLE_CODE = YES;
				CLANG_WARN__DUPLICATE_METHOD_MATCH = YES;
				COPY_PHASE_STRIP = NO;
				DEBUG_INFORMATION_FORMAT = "dwarf-with-dsym";
				ENABLE_NS_ASSERTIONS = NO;
				ENABLE_STRICT_OBJC_MSGSEND = YES;
				ENABLE_USER_SCRIPT_SANDBOXING = YES;
				GCC_C_LANGUAGE_STANDARD = gnu17;
				GCC_NO_COMMON_BLOCKS = YES;
				GCC_WARN_64_TO_32_BIT_CONVERSION = YES;
				GCC_WARN_ABOUT_RETURN_TYPE = YES_ERROR;
				GCC_WARN_UNDECLARED_SELECTOR = YES;
				GCC_WARN_UNINITIALIZED_AUTOS = YES_AGGRESSIVE;
				GCC_WARN_UNUSED_FUNCTION = YES;
				GCC_WARN_UNUSED_VARIABLE = YES;
				IPHONEOS_DEPLOYMENT_TARGET = 17.4;
				LOCALIZATION_PREFERS_STRING_CATALOGS = YES;
				MTL_ENABLE_DEBUG_INFO = NO;
				MTL_FAST_MATH = YES;
				SDKROOT = iphoneos;
				SWIFT_COMPILATION_MODE = wholemodule;
				VALIDATE_PRODUCT = YES;
			};
			name = Release;
		};
		483BBCA02BD7DA0D002453C9 /* Debug */ = {
			isa = XCBuildConfiguration;
			buildSettings = {
				ASSETCATALOG_COMPILER_APPICON_NAME = AppIcon;
				ASSETCATALOG_COMPILER_GLOBAL_ACCENT_COLOR_NAME = AccentColor;
				CODE_SIGN_STYLE = Automatic;
				CURRENT_PROJECT_VERSION = 1;
				DEVELOPMENT_ASSET_PATHS = "\"Movie Radar/Preview Content\"";
				DEVELOPMENT_TEAM = 3BFY9G26SK;
				ENABLE_PREVIEWS = YES;
				ENABLE_USER_SCRIPT_SANDBOXING = NO;
				GENERATE_INFOPLIST_FILE = YES;
				INFOPLIST_KEY_UIApplicationSceneManifest_Generation = YES;
				INFOPLIST_KEY_UIApplicationSupportsIndirectInputEvents = YES;
				INFOPLIST_KEY_UILaunchScreen_Generation = YES;
				INFOPLIST_KEY_UISupportedInterfaceOrientations = UIInterfaceOrientationPortrait;
				LD_RUNPATH_SEARCH_PATHS = (
					"$(inherited)",
					"@executable_path/Frameworks",
				);
				MARKETING_VERSION = 1.0;
				PRODUCT_BUNDLE_IDENTIFIER = "Boizas.Movie-Radar";
				PRODUCT_NAME = "$(TARGET_NAME)";
				SWIFT_EMIT_LOC_STRINGS = YES;
				SWIFT_VERSION = 5.0;
				TARGETED_DEVICE_FAMILY = "1,2";
			};
			name = Debug;
		};
		483BBCA12BD7DA0D002453C9 /* Release */ = {
			isa = XCBuildConfiguration;
			buildSettings = {
				ASSETCATALOG_COMPILER_APPICON_NAME = AppIcon;
				ASSETCATALOG_COMPILER_GLOBAL_ACCENT_COLOR_NAME = AccentColor;
				CODE_SIGN_STYLE = Automatic;
				CURRENT_PROJECT_VERSION = 1;
				DEVELOPMENT_ASSET_PATHS = "\"Movie Radar/Preview Content\"";
				DEVELOPMENT_TEAM = 3BFY9G26SK;
				ENABLE_PREVIEWS = YES;
				ENABLE_USER_SCRIPT_SANDBOXING = NO;
				GENERATE_INFOPLIST_FILE = YES;
				INFOPLIST_KEY_UIApplicationSceneManifest_Generation = YES;
				INFOPLIST_KEY_UIApplicationSupportsIndirectInputEvents = YES;
				INFOPLIST_KEY_UILaunchScreen_Generation = YES;
				INFOPLIST_KEY_UISupportedInterfaceOrientations = UIInterfaceOrientationPortrait;
				LD_RUNPATH_SEARCH_PATHS = (
					"$(inherited)",
					"@executable_path/Frameworks",
				);
				MARKETING_VERSION = 1.0;
				PRODUCT_BUNDLE_IDENTIFIER = "Boizas.Movie-Radar";
				PRODUCT_NAME = "$(TARGET_NAME)";
				SWIFT_EMIT_LOC_STRINGS = YES;
				SWIFT_VERSION = 5.0;
				TARGETED_DEVICE_FAMILY = "1,2";
			};
			name = Release;
		};
		483BBCA32BD7DA0D002453C9 /* Debug */ = {
			isa = XCBuildConfiguration;
			buildSettings = {
				ALWAYS_EMBED_SWIFT_STANDARD_LIBRARIES = YES;
				BUNDLE_LOADER = "$(TEST_HOST)";
				CODE_SIGN_STYLE = Automatic;
				CURRENT_PROJECT_VERSION = 1;
				DEVELOPMENT_TEAM = 3BFY9G26SK;
				GENERATE_INFOPLIST_FILE = YES;
				IPHONEOS_DEPLOYMENT_TARGET = 17.4;
				MARKETING_VERSION = 1.0;
				PRODUCT_BUNDLE_IDENTIFIER = "Boizas.Movie-RadarTests";
				PRODUCT_NAME = "$(TARGET_NAME)";
				SWIFT_EMIT_LOC_STRINGS = NO;
				SWIFT_VERSION = 5.0;
				TARGETED_DEVICE_FAMILY = "1,2";
				TEST_HOST = "$(BUILT_PRODUCTS_DIR)/Movie Radar.app/$(BUNDLE_EXECUTABLE_FOLDER_PATH)/Movie Radar";
			};
			name = Debug;
		};
		483BBCA42BD7DA0D002453C9 /* Release */ = {
			isa = XCBuildConfiguration;
			buildSettings = {
				ALWAYS_EMBED_SWIFT_STANDARD_LIBRARIES = YES;
				BUNDLE_LOADER = "$(TEST_HOST)";
				CODE_SIGN_STYLE = Automatic;
				CURRENT_PROJECT_VERSION = 1;
				DEVELOPMENT_TEAM = 3BFY9G26SK;
				GENERATE_INFOPLIST_FILE = YES;
				IPHONEOS_DEPLOYMENT_TARGET = 17.4;
				MARKETING_VERSION = 1.0;
				PRODUCT_BUNDLE_IDENTIFIER = "Boizas.Movie-RadarTests";
				PRODUCT_NAME = "$(TARGET_NAME)";
				SWIFT_EMIT_LOC_STRINGS = NO;
				SWIFT_VERSION = 5.0;
				TARGETED_DEVICE_FAMILY = "1,2";
				TEST_HOST = "$(BUILT_PRODUCTS_DIR)/Movie Radar.app/$(BUNDLE_EXECUTABLE_FOLDER_PATH)/Movie Radar";
			};
			name = Release;
		};
		483BBCA62BD7DA0D002453C9 /* Debug */ = {
			isa = XCBuildConfiguration;
			buildSettings = {
				ALWAYS_EMBED_SWIFT_STANDARD_LIBRARIES = YES;
				CODE_SIGN_STYLE = Automatic;
				CURRENT_PROJECT_VERSION = 1;
				DEVELOPMENT_TEAM = 3BFY9G26SK;
				GENERATE_INFOPLIST_FILE = YES;
				MARKETING_VERSION = 1.0;
				PRODUCT_BUNDLE_IDENTIFIER = "Boizas.Movie-RadarUITests";
				PRODUCT_NAME = "$(TARGET_NAME)";
				SWIFT_EMIT_LOC_STRINGS = NO;
				SWIFT_VERSION = 5.0;
				TARGETED_DEVICE_FAMILY = "1,2";
				TEST_TARGET_NAME = "Movie Radar";
			};
			name = Debug;
		};
		483BBCA72BD7DA0D002453C9 /* Release */ = {
			isa = XCBuildConfiguration;
			buildSettings = {
				ALWAYS_EMBED_SWIFT_STANDARD_LIBRARIES = YES;
				CODE_SIGN_STYLE = Automatic;
				CURRENT_PROJECT_VERSION = 1;
				DEVELOPMENT_TEAM = 3BFY9G26SK;
				GENERATE_INFOPLIST_FILE = YES;
				MARKETING_VERSION = 1.0;
				PRODUCT_BUNDLE_IDENTIFIER = "Boizas.Movie-RadarUITests";
				PRODUCT_NAME = "$(TARGET_NAME)";
				SWIFT_EMIT_LOC_STRINGS = NO;
				SWIFT_VERSION = 5.0;
				TARGETED_DEVICE_FAMILY = "1,2";
				TEST_TARGET_NAME = "Movie Radar";
			};
			name = Release;
		};
/* End XCBuildConfiguration section */

/* Begin XCConfigurationList section */
		483BBC762BD7DA0B002453C9 /* Build configuration list for PBXProject "Movie Radar" */ = {
			isa = XCConfigurationList;
			buildConfigurations = (
				483BBC9D2BD7DA0D002453C9 /* Debug */,
				483BBC9E2BD7DA0D002453C9 /* Release */,
			);
			defaultConfigurationIsVisible = 0;
			defaultConfigurationName = Release;
		};
		483BBC9F2BD7DA0D002453C9 /* Build configuration list for PBXNativeTarget "Movie Radar" */ = {
			isa = XCConfigurationList;
			buildConfigurations = (
				483BBCA02BD7DA0D002453C9 /* Debug */,
				483BBCA12BD7DA0D002453C9 /* Release */,
			);
			defaultConfigurationIsVisible = 0;
			defaultConfigurationName = Release;
		};
		483BBCA22BD7DA0D002453C9 /* Build configuration list for PBXNativeTarget "Movie RadarTests" */ = {
			isa = XCConfigurationList;
			buildConfigurations = (
				483BBCA32BD7DA0D002453C9 /* Debug */,
				483BBCA42BD7DA0D002453C9 /* Release */,
			);
			defaultConfigurationIsVisible = 0;
			defaultConfigurationName = Release;
		};
		483BBCA52BD7DA0D002453C9 /* Build configuration list for PBXNativeTarget "Movie RadarUITests" */ = {
			isa = XCConfigurationList;
			buildConfigurations = (
				483BBCA62BD7DA0D002453C9 /* Debug */,
				483BBCA72BD7DA0D002453C9 /* Release */,
			);
			defaultConfigurationIsVisible = 0;
			defaultConfigurationName = Release;
		};
/* End XCConfigurationList section */
	};
	rootObject = 483BBC732BD7DA0B002453C9 /* Project object */;
}
